// !$*UTF8*$!
{
	archiveVersion = 1;
	classes = {
	};
	objectVersion = 46;
	objects = {
/* Begin PBXBuildFile section */
		0207DA581B56EA530066E2B4 /* Images.xcassets in Resources */ = {isa = PBXBuildFile; fileRef = 0207DA571B56EA530066E2B4 /* Images.xcassets */; };
		1D3623260D0F684500981E51 /* AppDelegate.m in Sources */ = {isa = PBXBuildFile; fileRef = 1D3623250D0F684500981E51 /* AppDelegate.m */; };
		1D60589B0D05DD56006BFB54 /* main.m in Sources */ = {isa = PBXBuildFile; fileRef = 29B97316FDCFA39411CA2CEA /* main.m */; };
		301BF552109A68D80062928A /* libCordova.a in Frameworks */ = {isa = PBXBuildFile; fileRef = 301BF535109A57CC0062928A /* libCordova.a */; settings = {ATTRIBUTES = (Required, ); }; };
		302D95F114D2391D003F00A1 /* MainViewController.m in Sources */ = {isa = PBXBuildFile; fileRef = 302D95EF14D2391D003F00A1 /* MainViewController.m */; };
		302D95F214D2391D003F00A1 /* MainViewController.xib in Resources */ = {isa = PBXBuildFile; fileRef = 302D95F014D2391D003F00A1 /* MainViewController.xib */; };
		6AFF5BF91D6E424B00AB3073 /* CDVLaunchScreen.storyboard in Resources */ = {isa = PBXBuildFile; fileRef = 6AFF5BF81D6E424B00AB3073 /* CDVLaunchScreen.storyboard */; };
		14F63272D0F3444AB418C6B0 /* CDVStatusBar.m in Sources */ = {isa = PBXBuildFile; fileRef = 8417A6DA939B48589FDCEDC1 /* CDVStatusBar.m */; };
		C47BE36ED1C74E98A3AD9869 /* CDVDevice.m in Sources */ = {isa = PBXBuildFile; fileRef = E87957E340EA42F2AE03436D /* CDVDevice.m */; };
		4A9B9D698FD44B2599DEFF1C /* CDVSplashScreen.m in Sources */ = {isa = PBXBuildFile; fileRef = 29AA145DE72B47E48E2BB108 /* CDVSplashScreen.m */; };
		7F45855AD04B42AC8B1D7B07 /* CDVViewController+SplashScreen.m in Sources */ = {isa = PBXBuildFile; fileRef = 0BFA7FAA3A75448987F05F5B /* CDVViewController+SplashScreen.m */; };
		2519733F4DA54F359C49B901 /* CDVWKWebViewEngine.m in Sources */ = {isa = PBXBuildFile; fileRef = A13B969DA1A94F96830A125F /* CDVWKWebViewEngine.m */; };
		0890CD6C0F054B04989BC5DE /* CDVWKWebViewUIDelegate.m in Sources */ = {isa = PBXBuildFile; fileRef = DAA18526695C4D15BF04AE9F /* CDVWKWebViewUIDelegate.m */; };
		5B86D2E2786F4F55994D097C /* CDVWKProcessPoolFactory.m in Sources */ = {isa = PBXBuildFile; fileRef = AE39837BF41E41109EF612C7 /* CDVWKProcessPoolFactory.m */; };
		BF6FDD2AA5824048ADD0F065 /* IONAssetHandler.m in Sources */ = {isa = PBXBuildFile; fileRef = 59EEFCC726B146E2920F042C /* IONAssetHandler.m */; };
		6546514BDDF64B6BB4A24CBA /* WebKit.framework in Frameworks */ = {isa = PBXBuildFile; fileRef = A01E77D4DD084D6CAB5E8FD4 /* WebKit.framework */; settings = {ATTRIBUTES = (Weak, ); }; };
		87C9992067A645218369EE1E /* CDVIonicKeyboard.m in Sources */ = {isa = PBXBuildFile; fileRef = 197BDC07F79B43D593C164A7 /* CDVIonicKeyboard.m */; };
		D89D68D0BA574D028E46E796 /* CordovaStripe.m in Sources */ = {isa = PBXBuildFile; fileRef = C6AE48B33A1048B8BABC94CE /* CordovaStripe.m */; };
		78CB8B074B604F36B2E44E6C /* Stripe.framework in Frameworks */ = {isa = PBXBuildFile; fileRef = 10EF8CC2B91A4345868A007E /* Stripe.framework */; };
		7C47498C731040DA8AA9E0B5 /* CDVInAppBrowser.m in Sources */ = {isa = PBXBuildFile; fileRef = CA054DACCF014365BCED92CB /* CDVInAppBrowser.m */; };
		BD5997C562BF42BCA6FD3786 /* CDVInAppBrowserOptions.m in Sources */ = {isa = PBXBuildFile; fileRef = C13013BF5DB54B548B7FBF32 /* CDVInAppBrowserOptions.m */; };
		EF442FF834694511BE92A9AF /* CDVInAppBrowserNavigationController.m in Sources */ = {isa = PBXBuildFile; fileRef = D7C0C0A8DBD84C46BDEB9DFF /* CDVInAppBrowserNavigationController.m */; };
		D13AA41F5B5D478B85A22AD9 /* CDVUIInAppBrowser.m in Sources */ = {isa = PBXBuildFile; fileRef = 8C317A93C20741DDBB38743F /* CDVUIInAppBrowser.m */; };
		2D223A5463EA41758872D837 /* CDVWKInAppBrowser.m in Sources */ = {isa = PBXBuildFile; fileRef = 0DCA004337874C9AB84E37C9 /* CDVWKInAppBrowser.m */; };
		DE0D53D7BCC144D097AD3989 /* CDVWKInAppBrowserUIDelegate.m in Sources */ = {isa = PBXBuildFile; fileRef = 6ED3D591A57846D7B09950C7 /* CDVWKInAppBrowserUIDelegate.m */; };
		C16107617D8847B8964BB83E /* CardIOCordovaPlugin.m in Sources */ = {isa = PBXBuildFile; fileRef = 4586D55A97424DC7AC5F0D42 /* CardIOCordovaPlugin.m */; };
		31AC4D77B51144A28F276FF2 /* libCardIO.a in Frameworks */ = {isa = PBXBuildFile; fileRef = 9E5C0C87DB03411CA24E0B44 /* libCardIO.a */; };
		70C5DF7A21D34D70B70644A1 /* libopencv_core.a in Frameworks */ = {isa = PBXBuildFile; fileRef = A1126A6749504971BEE0838C /* libopencv_core.a */; };
		908DE8FFF46A461294E1BF20 /* libopencv_imgproc.a in Frameworks */ = {isa = PBXBuildFile; fileRef = 1663870101AF4E928AAFCA34 /* libopencv_imgproc.a */; };
		A15296C5F5EE484A93FB9206 /* Accelerate.framework in Frameworks */ = {isa = PBXBuildFile; fileRef = BAC0A6F49036480B91742EE4 /* Accelerate.framework */; };
		493D6B2B06184367B5FB6946 /* AudioToolbox.framework in Frameworks */ = {isa = PBXBuildFile; fileRef = E13CC1C50E234AC1B1E285F6 /* AudioToolbox.framework */; };
		64DAB5FFA1004091967B558D /* AVFoundation.framework in Frameworks */ = {isa = PBXBuildFile; fileRef = DB1C600D05044D9D897F7C4C /* AVFoundation.framework */; };
		CE5947CD2EB44F218AAFE53C /* CoreMedia.framework in Frameworks */ = {isa = PBXBuildFile; fileRef = 661EDD5CEA844FCBAF758591 /* CoreMedia.framework */; };
		8535C9C2802849D9B8AB0D34 /* CoreVideo.framework in Frameworks */ = {isa = PBXBuildFile; fileRef = 8753BE20F7834D5F92E4F7C2 /* CoreVideo.framework */; };
		B7C22916B27741DCA197A6C6 /* Foundation.framework in Frameworks */ = {isa = PBXBuildFile; fileRef = CE6BEACF83254909B540BC45 /* Foundation.framework */; };
		85784C1A87C942EA9C915BFD /* OpenGLES.framework in Frameworks */ = {isa = PBXBuildFile; fileRef = B1A870926BA74691A941A998 /* OpenGLES.framework */; };
		FACB6A06BF6644FE80CB4565 /* QuartzCore.framework in Frameworks */ = {isa = PBXBuildFile; fileRef = 83410D7223674F6F86398667 /* QuartzCore.framework */; };
		BE72F8F7DB1B4143B0AFAF68 /* Security.framework in Frameworks */ = {isa = PBXBuildFile; fileRef = 63033FAFBCB249B3A6EF2FA7 /* Security.framework */; };
		9EF3F4C9D490408A9646B178 /* UIKit.framework in Frameworks */ = {isa = PBXBuildFile; fileRef = B135DC99F0C14B7B9D6DBCEE /* UIKit.framework */; };
		6C9658D39BD54C8E88FD2286 /* libc++.dylib in Frameworks */ = {isa = PBXBuildFile; fileRef = AC9EC987B2F7462A91D8B222 /* libc++.dylib */; };
		E5834BEDCFFD473FA4513FA5 /* PayPalMobileCordovaPlugin.m in Sources */ = {isa = PBXBuildFile; fileRef = 2BB28D33EA8E4ADC9BF02354 /* PayPalMobileCordovaPlugin.m */; };
		B88068C83F5B44C1AF08479A /* libPayPalMobile.a in Frameworks */ = {isa = PBXBuildFile; fileRef = 488C572147DF4E378D5173E3 /* libPayPalMobile.a */; };
		E4F4474ECF9744A2A6BF598E /* CFNetwork.framework in Frameworks */ = {isa = PBXBuildFile; fileRef = 66DA04409BB748F5BCA9BFDE /* CFNetwork.framework */; };
		495E6C60EA8A485681E7DBEB /* CoreLocation.framework in Frameworks */ = {isa = PBXBuildFile; fileRef = DB72EE92B03F472686FAD645 /* CoreLocation.framework */; settings = {ATTRIBUTES = (Weak, ); }; };
		C8A7ECCB2A1A49A096FE7859 /* MessageUI.framework in Frameworks */ = {isa = PBXBuildFile; fileRef = 56A5C6925DDA4E3E9DB81CAF /* MessageUI.framework */; };
		B16976B5B5D44CA2B727C10D /* SafariServices.framework in Frameworks */ = {isa = PBXBuildFile; fileRef = EFAB5FB4EE764A6F8CFBD209 /* SafariServices.framework */; };
		2E716FCFF4D2462FB889044B /* SystemConfiguration.framework in Frameworks */ = {isa = PBXBuildFile; fileRef = D1681379510448B18A325759 /* SystemConfiguration.framework */; };
		0D6BBC64405743E6B39325B8 /* libPayPalMobile.a in Frameworks */ = {isa = PBXBuildFile; fileRef = 9B516A99C4994C548C0A336B /* libPayPalMobile.a */; };
		6BD2A4DA33A84D30914BA3EB /* UIImage+CropScaleOrientation.m in Sources */ = {isa = PBXBuildFile; fileRef = 7ED29CEA1D194FBF8A6DE650 /* UIImage+CropScaleOrientation.m */; };
		8B3FFA31C2C4439B85BC8AC4 /* CDVCamera.m in Sources */ = {isa = PBXBuildFile; fileRef = EA3DAEFE9778412EB61EF3E1 /* CDVCamera.m */; };
		9A61AC57E99A4BCB910A5357 /* CDVJpegHeaderWriter.m in Sources */ = {isa = PBXBuildFile; fileRef = 4E171E059C7F4BB4B734AC24 /* CDVJpegHeaderWriter.m */; };
		2DB2C1DC77624E788EBA22AB /* ImageIO.framework in Frameworks */ = {isa = PBXBuildFile; fileRef = ECE11BA325F8449B86DB2F10 /* ImageIO.framework */; settings = {ATTRIBUTES = (Weak, ); }; };
		0396C11F979447DDB58C2949 /* CDVBarcodeScanner.mm in Resources */ = {isa = PBXBuildFile; fileRef = 672BBE4136F84D579B248777 /* CDVBarcodeScanner.mm */; };
		B4FDA482D5F44928B8B03D7B /* scannerOverlay.xib in Resources */ = {isa = PBXBuildFile; fileRef = 6204E3CF4A6D44D78D7ACB99 /* scannerOverlay.xib */; };
		9C8A9072BB4844EB9436CB23 /* CDVBarcodeScanner.bundle in Resources */ = {isa = PBXBuildFile; fileRef = F89EB73116E04505B56FCA65 /* CDVBarcodeScanner.bundle */; };
		53276ACC1CFB4E8BA9BAFB1A /* GooglePlus.m in Sources */ = {isa = PBXBuildFile; fileRef = C975B044CF4E41BD873A3D32 /* GooglePlus.m */; };
		7709AB665A2E4BB395AB043E /* GoogleAppUtilities.framework in Frameworks */ = {isa = PBXBuildFile; fileRef = 9C85C23FEE8140A29C6CC592 /* GoogleAppUtilities.framework */; };
		2BFAB31C7971422BA286362A /* GoogleAuthUtilities.framework in Frameworks */ = {isa = PBXBuildFile; fileRef = 83F1B899D82B469098344336 /* GoogleAuthUtilities.framework */; };
		B4D38773C3014A0CA68E7912 /* GoogleNetworkingUtilities.framework in Frameworks */ = {isa = PBXBuildFile; fileRef = 3DEF7F982A284514AEA1436D /* GoogleNetworkingUtilities.framework */; };
		EC7EC7D91EC642EA9B998B61 /* GoogleSignIn.framework in Frameworks */ = {isa = PBXBuildFile; fileRef = EF74E327946F41A59CB88864 /* GoogleSignIn.framework */; };
		05410F03CA144B2F936DA046 /* GoogleSymbolUtilities.framework in Frameworks */ = {isa = PBXBuildFile; fileRef = 72647E0EC3E34846839D0F3B /* GoogleSymbolUtilities.framework */; };
		3494F27A59B64E5DBE01D6B8 /* GoogleUtilities.framework in Frameworks */ = {isa = PBXBuildFile; fileRef = CDC35D398F934CDBAF24F4B9 /* GoogleUtilities.framework */; };
		365FFB09CC17491B94D137A4 /* AddressBook.framework in Frameworks */ = {isa = PBXBuildFile; fileRef = 8143D986AA9343038A230F9B /* AddressBook.framework */; settings = {ATTRIBUTES = (Weak, ); }; };
		A4C5E351289F42B4A8FDF0E2 /* CoreText.framework in Frameworks */ = {isa = PBXBuildFile; fileRef = 942548FB9D8D41DEA513852E /* CoreText.framework */; settings = {ATTRIBUTES = (Weak, ); }; };
		D7AF9947B75D4593A8030F18 /* libz.tbd in Frameworks */ = {isa = PBXBuildFile; fileRef = DF568E244D2C401CBA00926F /* libz.tbd */; settings = {ATTRIBUTES = (Weak, ); }; };
		6B41C725C367473AB11CBD31 /* libz.dylib in Frameworks */ = {isa = PBXBuildFile; fileRef = D68898A1D2B44FBFAD8E64D1 /* libz.dylib */; settings = {ATTRIBUTES = (Weak, ); }; };
		F3B535D2150F4B2AB7CAA80C /* CDVFile.m in Sources */ = {isa = PBXBuildFile; fileRef = 33B2294B23D14C7399229C8D /* CDVFile.m */; };
		1FC251DC01F74DD78495E7B0 /* CDVLocalFilesystem.m in Sources */ = {isa = PBXBuildFile; fileRef = 203A0CE6CEB14B99B285EEBC /* CDVLocalFilesystem.m */; };
		A3422F2C7A1148E999CD51F8 /* CDVAssetLibraryFilesystem.m in Sources */ = {isa = PBXBuildFile; fileRef = 6D24C667F4A24DE1BF7313FA /* CDVAssetLibraryFilesystem.m */; };
		B2F8BC11AE7240298EAEF855 /* CordovaHttpPlugin.m in Sources */ = {isa = PBXBuildFile; fileRef = 7CCD0CE8D73B4934913CEABA /* CordovaHttpPlugin.m */; };
		2B079F3B6A784E2E873B1368 /* BinaryRequestSerializer.m in Sources */ = {isa = PBXBuildFile; fileRef = F845E9B40EA34C3D875C9A62 /* BinaryRequestSerializer.m */; };
		384654C920954BC2BDF4008D /* BinaryResponseSerializer.m in Sources */ = {isa = PBXBuildFile; fileRef = E8CC873FAA4547288BDD1704 /* BinaryResponseSerializer.m */; };
		C9CC7A8A9D694ABDB92C6744 /* TextResponseSerializer.m in Sources */ = {isa = PBXBuildFile; fileRef = 0816A652BF85447BAB92F703 /* TextResponseSerializer.m */; };
		ED89527E4A804EF8989FD0F9 /* TextRequestSerializer.m in Sources */ = {isa = PBXBuildFile; fileRef = 4E6D04FAB1C0424BA4909535 /* TextRequestSerializer.m */; };
		CE7C331A3F2646DCBE2A30AF /* AFHTTPSessionManager.m in Sources */ = {isa = PBXBuildFile; fileRef = 33833073C54A4B8CA1F55225 /* AFHTTPSessionManager.m */; };
		A3ECAD79559E4D72ADAED9BB /* AFNetworkReachabilityManager.m in Sources */ = {isa = PBXBuildFile; fileRef = 8A7101992CFA49D0B7A36AF8 /* AFNetworkReachabilityManager.m */; };
		4100F614444944CB80B95BA7 /* AFSecurityPolicy.m in Sources */ = {isa = PBXBuildFile; fileRef = 120A225B4AAA4C4B83F7B11A /* AFSecurityPolicy.m */; };
		2B85E56ABF3E4B6D862F6D96 /* AFURLRequestSerialization.m in Sources */ = {isa = PBXBuildFile; fileRef = C637ACC51AB149BC941F7FC3 /* AFURLRequestSerialization.m */; };
		DFA2B141504B45A689861B87 /* AFURLResponseSerialization.m in Sources */ = {isa = PBXBuildFile; fileRef = AC7D4238D1F14FF9930A5231 /* AFURLResponseSerialization.m */; };
		525959B4D4594CFFB7FFCF97 /* AFURLSessionManager.m in Sources */ = {isa = PBXBuildFile; fileRef = 9A2E5692E1904C9E8A15C015 /* AFURLSessionManager.m */; };
		D7CCEA3151054BDBAEBE571F /* SDNetworkActivityIndicator.m in Sources */ = {isa = PBXBuildFile; fileRef = 526116AB9C454F34823077DE /* SDNetworkActivityIndicator.m */; };
/* End PBXBuildFile section */

/* Begin PBXContainerItemProxy section */
		301BF534109A57CC0062928A /* PBXContainerItemProxy */ = {
			isa = PBXContainerItemProxy;
			containerPortal = 301BF52D109A57CC0062928A /* CordovaLib.xcodeproj */;
			proxyType = 2;
			remoteGlobalIDString = D2AAC07E0554694100DB518D;
			remoteInfo = CordovaLib;
		};
		301BF550109A68C00062928A /* PBXContainerItemProxy */ = {
			isa = PBXContainerItemProxy;
			containerPortal = 301BF52D109A57CC0062928A /* CordovaLib.xcodeproj */;
			proxyType = 1;
			remoteGlobalIDString = D2AAC07D0554694100DB518D;
			remoteInfo = CordovaLib;
		};
		907D8123214C687600058A10 /* PBXContainerItemProxy */ = {
			isa = PBXContainerItemProxy;
			containerPortal = 301BF52D109A57CC0062928A /* CordovaLib.xcodeproj */;
			proxyType = 2;
			remoteGlobalIDString = C0C01EB21E3911D50056E6CB;
			remoteInfo = Cordova;
		};
/* End PBXContainerItemProxy section */

/* Begin PBXFileReference section */
		0207DA571B56EA530066E2B4 /* Images.xcassets */ = {isa = PBXFileReference; lastKnownFileType = folder.assetcatalog; name = Images.xcassets; path = "Ionic4 Starter App/Images.xcassets"; sourceTree = SOURCE_ROOT; };
		1D3623240D0F684500981E51 /* AppDelegate.h */ = {isa = PBXFileReference; fileEncoding = 4; lastKnownFileType = sourcecode.c.h; path = AppDelegate.h; sourceTree = "<group>"; };
		1D3623250D0F684500981E51 /* AppDelegate.m */ = {isa = PBXFileReference; fileEncoding = 4; lastKnownFileType = sourcecode.c.objc; path = AppDelegate.m; sourceTree = "<group>"; };
		1D6058910D05DD3D006BFB54 /* Ionic4 Starter App.app */ = {isa = PBXFileReference; explicitFileType = wrapper.application; includeInIndex = 0; path = "Ionic4 Starter App.app"; sourceTree = BUILT_PRODUCTS_DIR; };
		29B97316FDCFA39411CA2CEA /* main.m */ = {isa = PBXFileReference; fileEncoding = 4; lastKnownFileType = sourcecode.c.objc; path = main.m; sourceTree = "<group>"; };
		301BF52D109A57CC0062928A /* CordovaLib.xcodeproj */ = {isa = PBXFileReference; lastKnownFileType = "wrapper.pb-project"; path = CordovaLib/CordovaLib.xcodeproj; sourceTree = "<group>"; };
		301BF56E109A69640062928A /* www */ = {isa = PBXFileReference; lastKnownFileType = folder; path = www; sourceTree = SOURCE_ROOT; };
		302D95EE14D2391D003F00A1 /* MainViewController.h */ = {isa = PBXFileReference; fileEncoding = 4; lastKnownFileType = sourcecode.c.h; path = MainViewController.h; sourceTree = "<group>"; };
		302D95EF14D2391D003F00A1 /* MainViewController.m */ = {isa = PBXFileReference; fileEncoding = 4; lastKnownFileType = sourcecode.c.objc; path = MainViewController.m; sourceTree = "<group>"; };
		302D95F014D2391D003F00A1 /* MainViewController.xib */ = {isa = PBXFileReference; fileEncoding = 4; lastKnownFileType = file.xib; path = MainViewController.xib; sourceTree = "<group>"; };
		3047A50F1AB8059700498E2A /* build-debug.xcconfig */ = {isa = PBXFileReference; fileEncoding = 4; lastKnownFileType = text.xcconfig; name = "build-debug.xcconfig"; path = "cordova/build-debug.xcconfig"; sourceTree = SOURCE_ROOT; };
		3047A5101AB8059700498E2A /* build-release.xcconfig */ = {isa = PBXFileReference; fileEncoding = 4; lastKnownFileType = text.xcconfig; name = "build-release.xcconfig"; path = "cordova/build-release.xcconfig"; sourceTree = SOURCE_ROOT; };
		3047A5111AB8059700498E2A /* build.xcconfig */ = {isa = PBXFileReference; fileEncoding = 4; lastKnownFileType = text.xcconfig; name = build.xcconfig; path = cordova/build.xcconfig; sourceTree = SOURCE_ROOT; };
		32CA4F630368D1EE00C91783 /* Ionic4 Starter App-Prefix.pch */ = {isa = PBXFileReference; fileEncoding = 4; lastKnownFileType = sourcecode.c.h; path = "Ionic4 Starter App-Prefix.pch"; sourceTree = "<group>"; };
		6AFF5BF81D6E424B00AB3073 /* CDVLaunchScreen.storyboard */ = {isa = PBXFileReference; fileEncoding = 4; lastKnownFileType = file.storyboard; name = CDVLaunchScreen.storyboard; path = "Ionic4 Starter App/CDVLaunchScreen.storyboard"; sourceTree = SOURCE_ROOT; };
		8D1107310486CEB800E47090 /* Ionic4 Starter App-Info.plist */ = {isa = PBXFileReference; fileEncoding = 4; lastKnownFileType = text.plist.xml; name = "Ionic4 Starter App-Info.plist"; path = "Ionic4 Starter App/Ionic4 Starter App-Info.plist"; plistStructureDefinitionIdentifier = "com.apple.xcode.plist.structure-definition.iphone.info-plist"; sourceTree = SOURCE_ROOT; };
		EB87FDF31871DA8E0020F90C /* www */ = {isa = PBXFileReference; lastKnownFileType = folder; name = www; path = ../../www; sourceTree = "<group>"; };
		EB87FDF41871DAF40020F90C /* config.xml */ = {isa = PBXFileReference; lastKnownFileType = text.xml; name = config.xml; path = ../../config.xml; sourceTree = "<group>"; };
		ED33DF2A687741AEAF9F8254 /* Bridging-Header.h */ = {isa = PBXFileReference; fileEncoding = 4; lastKnownFileType = sourcecode.c.h; name = "Bridging-Header.h"; path = "Bridging-Header.h"; sourceTree = "<group>"; };
		F840E1F0165FE0F500CFE078 /* config.xml */ = {isa = PBXFileReference; lastKnownFileType = text.xml; name = config.xml; path = "Ionic4 Starter App/config.xml"; sourceTree = "<group>"; };
		8417A6DA939B48589FDCEDC1 /* CDVStatusBar.m */ = {isa = PBXFileReference; name = "CDVStatusBar.m"; path = "cordova-plugin-statusbar/CDVStatusBar.m"; sourceTree = "<group>"; fileEncoding = 4; lastKnownFileType = sourcecode.c.objc; explicitFileType = undefined; includeInIndex = 0; };
		B90FA839705346759FD7FE12 /* CDVStatusBar.h */ = {isa = PBXFileReference; name = "CDVStatusBar.h"; path = "cordova-plugin-statusbar/CDVStatusBar.h"; sourceTree = "<group>"; fileEncoding = 4; lastKnownFileType = sourcecode.c.h; explicitFileType = undefined; includeInIndex = 0; };
		E87957E340EA42F2AE03436D /* CDVDevice.m */ = {isa = PBXFileReference; name = "CDVDevice.m"; path = "cordova-plugin-device/CDVDevice.m"; sourceTree = "<group>"; fileEncoding = 4; lastKnownFileType = sourcecode.c.objc; explicitFileType = undefined; includeInIndex = 0; };
		E02AE49EF3A9419AA97CFBE3 /* CDVDevice.h */ = {isa = PBXFileReference; name = "CDVDevice.h"; path = "cordova-plugin-device/CDVDevice.h"; sourceTree = "<group>"; fileEncoding = 4; lastKnownFileType = sourcecode.c.h; explicitFileType = undefined; includeInIndex = 0; };
		29AA145DE72B47E48E2BB108 /* CDVSplashScreen.m */ = {isa = PBXFileReference; name = "CDVSplashScreen.m"; path = "cordova-plugin-splashscreen/CDVSplashScreen.m"; sourceTree = "<group>"; fileEncoding = 4; lastKnownFileType = sourcecode.c.objc; explicitFileType = undefined; includeInIndex = 0; };
		0BFA7FAA3A75448987F05F5B /* CDVViewController+SplashScreen.m */ = {isa = PBXFileReference; name = "CDVViewController+SplashScreen.m"; path = "cordova-plugin-splashscreen/CDVViewController+SplashScreen.m"; sourceTree = "<group>"; fileEncoding = 4; lastKnownFileType = sourcecode.c.objc; explicitFileType = undefined; includeInIndex = 0; };
		F79C292025F246C69CF5DA89 /* CDVSplashScreen.h */ = {isa = PBXFileReference; name = "CDVSplashScreen.h"; path = "cordova-plugin-splashscreen/CDVSplashScreen.h"; sourceTree = "<group>"; fileEncoding = 4; lastKnownFileType = sourcecode.c.h; explicitFileType = undefined; includeInIndex = 0; };
		71126D46C78146D0AD476C5C /* CDVViewController+SplashScreen.h */ = {isa = PBXFileReference; name = "CDVViewController+SplashScreen.h"; path = "cordova-plugin-splashscreen/CDVViewController+SplashScreen.h"; sourceTree = "<group>"; fileEncoding = 4; lastKnownFileType = sourcecode.c.h; explicitFileType = undefined; includeInIndex = 0; };
		A13B969DA1A94F96830A125F /* CDVWKWebViewEngine.m */ = {isa = PBXFileReference; name = "CDVWKWebViewEngine.m"; path = "cordova-plugin-ionic-webview/CDVWKWebViewEngine.m"; sourceTree = "<group>"; fileEncoding = 4; lastKnownFileType = sourcecode.c.objc; explicitFileType = undefined; includeInIndex = 0; };
		DAA18526695C4D15BF04AE9F /* CDVWKWebViewUIDelegate.m */ = {isa = PBXFileReference; name = "CDVWKWebViewUIDelegate.m"; path = "cordova-plugin-ionic-webview/CDVWKWebViewUIDelegate.m"; sourceTree = "<group>"; fileEncoding = 4; lastKnownFileType = sourcecode.c.objc; explicitFileType = undefined; includeInIndex = 0; };
		AE39837BF41E41109EF612C7 /* CDVWKProcessPoolFactory.m */ = {isa = PBXFileReference; name = "CDVWKProcessPoolFactory.m"; path = "cordova-plugin-ionic-webview/CDVWKProcessPoolFactory.m"; sourceTree = "<group>"; fileEncoding = 4; lastKnownFileType = sourcecode.c.objc; explicitFileType = undefined; includeInIndex = 0; };
		59EEFCC726B146E2920F042C /* IONAssetHandler.m */ = {isa = PBXFileReference; name = "IONAssetHandler.m"; path = "cordova-plugin-ionic-webview/IONAssetHandler.m"; sourceTree = "<group>"; fileEncoding = 4; lastKnownFileType = sourcecode.c.objc; explicitFileType = undefined; includeInIndex = 0; };
		C2E63159812740F5A98A97A5 /* CDVWKWebViewEngine.h */ = {isa = PBXFileReference; name = "CDVWKWebViewEngine.h"; path = "cordova-plugin-ionic-webview/CDVWKWebViewEngine.h"; sourceTree = "<group>"; fileEncoding = 4; lastKnownFileType = sourcecode.c.h; explicitFileType = undefined; includeInIndex = 0; };
		C1E04EF2104E4789B4B9167D /* CDVWKWebViewUIDelegate.h */ = {isa = PBXFileReference; name = "CDVWKWebViewUIDelegate.h"; path = "cordova-plugin-ionic-webview/CDVWKWebViewUIDelegate.h"; sourceTree = "<group>"; fileEncoding = 4; lastKnownFileType = sourcecode.c.h; explicitFileType = undefined; includeInIndex = 0; };
		D6550513A4A04F2599D9957B /* CDVWKProcessPoolFactory.h */ = {isa = PBXFileReference; name = "CDVWKProcessPoolFactory.h"; path = "cordova-plugin-ionic-webview/CDVWKProcessPoolFactory.h"; sourceTree = "<group>"; fileEncoding = 4; lastKnownFileType = sourcecode.c.h; explicitFileType = undefined; includeInIndex = 0; };
		A8ECE6B01A4E4B47AA66669F /* IONAssetHandler.h */ = {isa = PBXFileReference; name = "IONAssetHandler.h"; path = "cordova-plugin-ionic-webview/IONAssetHandler.h"; sourceTree = "<group>"; fileEncoding = 4; lastKnownFileType = sourcecode.c.h; explicitFileType = undefined; includeInIndex = 0; };
		A01E77D4DD084D6CAB5E8FD4 /* WebKit.framework */ = {isa = PBXFileReference; name = "WebKit.framework"; path = "System/Library/Frameworks/WebKit.framework"; sourceTree = SDKROOT; fileEncoding = undefined; lastKnownFileType = wrapper.framework; explicitFileType = undefined; includeInIndex = 0; };
		197BDC07F79B43D593C164A7 /* CDVIonicKeyboard.m */ = {isa = PBXFileReference; name = "CDVIonicKeyboard.m"; path = "cordova-plugin-ionic-keyboard/CDVIonicKeyboard.m"; sourceTree = "<group>"; fileEncoding = 4; lastKnownFileType = sourcecode.c.objc; explicitFileType = undefined; includeInIndex = 0; };
		1761195100B443CEA266B61E /* CDVIonicKeyboard.h */ = {isa = PBXFileReference; name = "CDVIonicKeyboard.h"; path = "cordova-plugin-ionic-keyboard/CDVIonicKeyboard.h"; sourceTree = "<group>"; fileEncoding = 4; lastKnownFileType = sourcecode.c.h; explicitFileType = undefined; includeInIndex = 0; };
		C6AE48B33A1048B8BABC94CE /* CordovaStripe.m */ = {isa = PBXFileReference; name = "CordovaStripe.m"; path = "cordova-plugin-stripe/CordovaStripe.m"; sourceTree = "<group>"; fileEncoding = 4; lastKnownFileType = sourcecode.c.objc; explicitFileType = undefined; includeInIndex = 0; };
		1A9C312D740D41129F688C4C /* CordovaStripe.h */ = {isa = PBXFileReference; name = "CordovaStripe.h"; path = "cordova-plugin-stripe/CordovaStripe.h"; sourceTree = "<group>"; fileEncoding = 4; lastKnownFileType = sourcecode.c.h; explicitFileType = undefined; includeInIndex = 0; };
		10EF8CC2B91A4345868A007E /* Stripe.framework */ = {isa = PBXFileReference; name = "Stripe.framework"; path = "Ionic4 Starter App/Plugins/cordova-plugin-stripe/Stripe.framework"; sourceTree = "<group>"; fileEncoding = undefined; lastKnownFileType = wrapper.framework; explicitFileType = undefined; includeInIndex = 0; };
		CA054DACCF014365BCED92CB /* CDVInAppBrowser.m */ = {isa = PBXFileReference; name = "CDVInAppBrowser.m"; path = "cordova-plugin-inappbrowser/CDVInAppBrowser.m"; sourceTree = "<group>"; fileEncoding = 4; lastKnownFileType = sourcecode.c.objc; explicitFileType = undefined; includeInIndex = 0; };
		C13013BF5DB54B548B7FBF32 /* CDVInAppBrowserOptions.m */ = {isa = PBXFileReference; name = "CDVInAppBrowserOptions.m"; path = "cordova-plugin-inappbrowser/CDVInAppBrowserOptions.m"; sourceTree = "<group>"; fileEncoding = 4; lastKnownFileType = sourcecode.c.objc; explicitFileType = undefined; includeInIndex = 0; };
		D7C0C0A8DBD84C46BDEB9DFF /* CDVInAppBrowserNavigationController.m */ = {isa = PBXFileReference; name = "CDVInAppBrowserNavigationController.m"; path = "cordova-plugin-inappbrowser/CDVInAppBrowserNavigationController.m"; sourceTree = "<group>"; fileEncoding = 4; lastKnownFileType = sourcecode.c.objc; explicitFileType = undefined; includeInIndex = 0; };
		8C317A93C20741DDBB38743F /* CDVUIInAppBrowser.m */ = {isa = PBXFileReference; name = "CDVUIInAppBrowser.m"; path = "cordova-plugin-inappbrowser/CDVUIInAppBrowser.m"; sourceTree = "<group>"; fileEncoding = 4; lastKnownFileType = sourcecode.c.objc; explicitFileType = undefined; includeInIndex = 0; };
		0DCA004337874C9AB84E37C9 /* CDVWKInAppBrowser.m */ = {isa = PBXFileReference; name = "CDVWKInAppBrowser.m"; path = "cordova-plugin-inappbrowser/CDVWKInAppBrowser.m"; sourceTree = "<group>"; fileEncoding = 4; lastKnownFileType = sourcecode.c.objc; explicitFileType = undefined; includeInIndex = 0; };
		6ED3D591A57846D7B09950C7 /* CDVWKInAppBrowserUIDelegate.m */ = {isa = PBXFileReference; name = "CDVWKInAppBrowserUIDelegate.m"; path = "cordova-plugin-inappbrowser/CDVWKInAppBrowserUIDelegate.m"; sourceTree = "<group>"; fileEncoding = 4; lastKnownFileType = sourcecode.c.objc; explicitFileType = undefined; includeInIndex = 0; };
		6B0385C3C85E47E8A52A575A /* CDVInAppBrowser.h */ = {isa = PBXFileReference; name = "CDVInAppBrowser.h"; path = "cordova-plugin-inappbrowser/CDVInAppBrowser.h"; sourceTree = "<group>"; fileEncoding = 4; lastKnownFileType = sourcecode.c.h; explicitFileType = undefined; includeInIndex = 0; };
		436E35ED253542EA80EBAA1F /* CDVInAppBrowserOptions.h */ = {isa = PBXFileReference; name = "CDVInAppBrowserOptions.h"; path = "cordova-plugin-inappbrowser/CDVInAppBrowserOptions.h"; sourceTree = "<group>"; fileEncoding = 4; lastKnownFileType = sourcecode.c.h; explicitFileType = undefined; includeInIndex = 0; };
		348057B8B7AC40F9A3482C1B /* CDVInAppBrowserNavigationController.h */ = {isa = PBXFileReference; name = "CDVInAppBrowserNavigationController.h"; path = "cordova-plugin-inappbrowser/CDVInAppBrowserNavigationController.h"; sourceTree = "<group>"; fileEncoding = 4; lastKnownFileType = sourcecode.c.h; explicitFileType = undefined; includeInIndex = 0; };
		5C4397FA944C4250A2D45DC4 /* CDVUIInAppBrowser.h */ = {isa = PBXFileReference; name = "CDVUIInAppBrowser.h"; path = "cordova-plugin-inappbrowser/CDVUIInAppBrowser.h"; sourceTree = "<group>"; fileEncoding = 4; lastKnownFileType = sourcecode.c.h; explicitFileType = undefined; includeInIndex = 0; };
		A04950CA2FA8452F8771D245 /* CDVWKInAppBrowser.h */ = {isa = PBXFileReference; name = "CDVWKInAppBrowser.h"; path = "cordova-plugin-inappbrowser/CDVWKInAppBrowser.h"; sourceTree = "<group>"; fileEncoding = 4; lastKnownFileType = sourcecode.c.h; explicitFileType = undefined; includeInIndex = 0; };
		27723D7ADEB54D88BDD48CB6 /* CDVWKInAppBrowserUIDelegate.h */ = {isa = PBXFileReference; name = "CDVWKInAppBrowserUIDelegate.h"; path = "cordova-plugin-inappbrowser/CDVWKInAppBrowserUIDelegate.h"; sourceTree = "<group>"; fileEncoding = 4; lastKnownFileType = sourcecode.c.h; explicitFileType = undefined; includeInIndex = 0; };
		4586D55A97424DC7AC5F0D42 /* CardIOCordovaPlugin.m */ = {isa = PBXFileReference; name = "CardIOCordovaPlugin.m"; path = "card.io.cordova.mobilesdk/CardIOCordovaPlugin.m"; sourceTree = "<group>"; fileEncoding = 4; lastKnownFileType = sourcecode.c.objc; explicitFileType = undefined; includeInIndex = 0; };
		9E5C0C87DB03411CA24E0B44 /* libCardIO.a */ = {isa = PBXFileReference; name = "libCardIO.a"; path = "Ionic4 Starter App/Plugins/card.io.cordova.mobilesdk/libCardIO.a"; sourceTree = "<group>"; fileEncoding = undefined; lastKnownFileType = archive.ar; explicitFileType = undefined; includeInIndex = 0; };
		A1126A6749504971BEE0838C /* libopencv_core.a */ = {isa = PBXFileReference; name = "libopencv_core.a"; path = "Ionic4 Starter App/Plugins/card.io.cordova.mobilesdk/libopencv_core.a"; sourceTree = "<group>"; fileEncoding = undefined; lastKnownFileType = archive.ar; explicitFileType = undefined; includeInIndex = 0; };
		1663870101AF4E928AAFCA34 /* libopencv_imgproc.a */ = {isa = PBXFileReference; name = "libopencv_imgproc.a"; path = "Ionic4 Starter App/Plugins/card.io.cordova.mobilesdk/libopencv_imgproc.a"; sourceTree = "<group>"; fileEncoding = undefined; lastKnownFileType = archive.ar; explicitFileType = undefined; includeInIndex = 0; };
		CEC10D2263B64CD88497DEBC /* CardIOCordovaPlugin.h */ = {isa = PBXFileReference; name = "CardIOCordovaPlugin.h"; path = "card.io.cordova.mobilesdk/CardIOCordovaPlugin.h"; sourceTree = "<group>"; fileEncoding = 4; lastKnownFileType = sourcecode.c.h; explicitFileType = undefined; includeInIndex = 0; };
		C64C07746DA74D23AB1406B3 /* CardIO.h */ = {isa = PBXFileReference; name = "CardIO.h"; path = "card.io.cordova.mobilesdk/CardIO.h"; sourceTree = "<group>"; fileEncoding = 4; lastKnownFileType = sourcecode.c.h; explicitFileType = undefined; includeInIndex = 0; };
		7890495D733548BABAC5EB06 /* CardIOCreditCardInfo.h */ = {isa = PBXFileReference; name = "CardIOCreditCardInfo.h"; path = "card.io.cordova.mobilesdk/CardIOCreditCardInfo.h"; sourceTree = "<group>"; fileEncoding = 4; lastKnownFileType = sourcecode.c.h; explicitFileType = undefined; includeInIndex = 0; };
		CF53FBF1A85A4E31B2637A55 /* CardIODetectionMode.h */ = {isa = PBXFileReference; name = "CardIODetectionMode.h"; path = "card.io.cordova.mobilesdk/CardIODetectionMode.h"; sourceTree = "<group>"; fileEncoding = 4; lastKnownFileType = sourcecode.c.h; explicitFileType = undefined; includeInIndex = 0; };
		B224828AEDE145E3B52B95DB /* CardIOPaymentViewController.h */ = {isa = PBXFileReference; name = "CardIOPaymentViewController.h"; path = "card.io.cordova.mobilesdk/CardIOPaymentViewController.h"; sourceTree = "<group>"; fileEncoding = 4; lastKnownFileType = sourcecode.c.h; explicitFileType = undefined; includeInIndex = 0; };
		82E5C45DEB264A1D9D213153 /* CardIOPaymentViewControllerDelegate.h */ = {isa = PBXFileReference; name = "CardIOPaymentViewControllerDelegate.h"; path = "card.io.cordova.mobilesdk/CardIOPaymentViewControllerDelegate.h"; sourceTree = "<group>"; fileEncoding = 4; lastKnownFileType = sourcecode.c.h; explicitFileType = undefined; includeInIndex = 0; };
		CCCAE164DA574893B8A63CE7 /* CardIOUtilities.h */ = {isa = PBXFileReference; name = "CardIOUtilities.h"; path = "card.io.cordova.mobilesdk/CardIOUtilities.h"; sourceTree = "<group>"; fileEncoding = 4; lastKnownFileType = sourcecode.c.h; explicitFileType = undefined; includeInIndex = 0; };
		4FB370C1C52D4DD9A92237A0 /* CardIOView.h */ = {isa = PBXFileReference; name = "CardIOView.h"; path = "card.io.cordova.mobilesdk/CardIOView.h"; sourceTree = "<group>"; fileEncoding = 4; lastKnownFileType = sourcecode.c.h; explicitFileType = undefined; includeInIndex = 0; };
		10C1749512824B47A6B145F3 /* CardIOViewDelegate.h */ = {isa = PBXFileReference; name = "CardIOViewDelegate.h"; path = "card.io.cordova.mobilesdk/CardIOViewDelegate.h"; sourceTree = "<group>"; fileEncoding = 4; lastKnownFileType = sourcecode.c.h; explicitFileType = undefined; includeInIndex = 0; };
		BAC0A6F49036480B91742EE4 /* Accelerate.framework */ = {isa = PBXFileReference; name = "Accelerate.framework"; path = "System/Library/Frameworks/Accelerate.framework"; sourceTree = SDKROOT; fileEncoding = undefined; lastKnownFileType = wrapper.framework; explicitFileType = undefined; includeInIndex = 0; };
		E13CC1C50E234AC1B1E285F6 /* AudioToolbox.framework */ = {isa = PBXFileReference; name = "AudioToolbox.framework"; path = "System/Library/Frameworks/AudioToolbox.framework"; sourceTree = SDKROOT; fileEncoding = undefined; lastKnownFileType = wrapper.framework; explicitFileType = undefined; includeInIndex = 0; };
		DB1C600D05044D9D897F7C4C /* AVFoundation.framework */ = {isa = PBXFileReference; name = "AVFoundation.framework"; path = "System/Library/Frameworks/AVFoundation.framework"; sourceTree = SDKROOT; fileEncoding = undefined; lastKnownFileType = wrapper.framework; explicitFileType = undefined; includeInIndex = 0; };
		661EDD5CEA844FCBAF758591 /* CoreMedia.framework */ = {isa = PBXFileReference; name = "CoreMedia.framework"; path = "System/Library/Frameworks/CoreMedia.framework"; sourceTree = SDKROOT; fileEncoding = undefined; lastKnownFileType = wrapper.framework; explicitFileType = undefined; includeInIndex = 0; };
		8753BE20F7834D5F92E4F7C2 /* CoreVideo.framework */ = {isa = PBXFileReference; name = "CoreVideo.framework"; path = "System/Library/Frameworks/CoreVideo.framework"; sourceTree = SDKROOT; fileEncoding = undefined; lastKnownFileType = wrapper.framework; explicitFileType = undefined; includeInIndex = 0; };
		CE6BEACF83254909B540BC45 /* Foundation.framework */ = {isa = PBXFileReference; name = "Foundation.framework"; path = "System/Library/Frameworks/Foundation.framework"; sourceTree = SDKROOT; fileEncoding = undefined; lastKnownFileType = wrapper.framework; explicitFileType = undefined; includeInIndex = 0; };
		B1A870926BA74691A941A998 /* OpenGLES.framework */ = {isa = PBXFileReference; name = "OpenGLES.framework"; path = "System/Library/Frameworks/OpenGLES.framework"; sourceTree = SDKROOT; fileEncoding = undefined; lastKnownFileType = wrapper.framework; explicitFileType = undefined; includeInIndex = 0; };
		83410D7223674F6F86398667 /* QuartzCore.framework */ = {isa = PBXFileReference; name = "QuartzCore.framework"; path = "System/Library/Frameworks/QuartzCore.framework"; sourceTree = SDKROOT; fileEncoding = undefined; lastKnownFileType = wrapper.framework; explicitFileType = undefined; includeInIndex = 0; };
		63033FAFBCB249B3A6EF2FA7 /* Security.framework */ = {isa = PBXFileReference; name = "Security.framework"; path = "System/Library/Frameworks/Security.framework"; sourceTree = SDKROOT; fileEncoding = undefined; lastKnownFileType = wrapper.framework; explicitFileType = undefined; includeInIndex = 0; };
		B135DC99F0C14B7B9D6DBCEE /* UIKit.framework */ = {isa = PBXFileReference; name = "UIKit.framework"; path = "System/Library/Frameworks/UIKit.framework"; sourceTree = SDKROOT; fileEncoding = undefined; lastKnownFileType = wrapper.framework; explicitFileType = undefined; includeInIndex = 0; };
		AC9EC987B2F7462A91D8B222 /* libc++.dylib */ = {isa = PBXFileReference; name = "libc++.dylib"; path = "usr/lib/libc++.dylib"; sourceTree = SDKROOT; fileEncoding = undefined; lastKnownFileType = compiled.mach-o.dylib; explicitFileType = undefined; includeInIndex = 0; };
		2BB28D33EA8E4ADC9BF02354 /* PayPalMobileCordovaPlugin.m */ = {isa = PBXFileReference; name = "PayPalMobileCordovaPlugin.m"; path = "com.paypal.cordova.mobilesdk/PayPalMobileCordovaPlugin.m"; sourceTree = "<group>"; fileEncoding = 4; lastKnownFileType = sourcecode.c.objc; explicitFileType = undefined; includeInIndex = 0; };
		488C572147DF4E378D5173E3 /* libPayPalMobile.a */ = {isa = PBXFileReference; name = "libPayPalMobile.a"; path = "Ionic4 Starter App/Plugins/com.paypal.cordova.mobilesdk/libPayPalMobile.a"; sourceTree = "<group>"; fileEncoding = undefined; lastKnownFileType = archive.ar; explicitFileType = undefined; includeInIndex = 0; };
		89E7054045F641C78B2503AA /* PayPalMobileCordovaPlugin.h */ = {isa = PBXFileReference; name = "PayPalMobileCordovaPlugin.h"; path = "com.paypal.cordova.mobilesdk/PayPalMobileCordovaPlugin.h"; sourceTree = "<group>"; fileEncoding = 4; lastKnownFileType = sourcecode.c.h; explicitFileType = undefined; includeInIndex = 0; };
		12BC41E6415A41EB811735A4 /* PayPalConfiguration.h */ = {isa = PBXFileReference; name = "PayPalConfiguration.h"; path = "com.paypal.cordova.mobilesdk/PayPalConfiguration.h"; sourceTree = "<group>"; fileEncoding = 4; lastKnownFileType = sourcecode.c.h; explicitFileType = undefined; includeInIndex = 0; };
		F1B92B3E69444BCA9E57CC1C /* PayPalFuturePaymentViewController.h */ = {isa = PBXFileReference; name = "PayPalFuturePaymentViewController.h"; path = "com.paypal.cordova.mobilesdk/PayPalFuturePaymentViewController.h"; sourceTree = "<group>"; fileEncoding = 4; lastKnownFileType = sourcecode.c.h; explicitFileType = undefined; includeInIndex = 0; };
		B5903690BC1F481DA07EE343 /* PayPalMobile.h */ = {isa = PBXFileReference; name = "PayPalMobile.h"; path = "com.paypal.cordova.mobilesdk/PayPalMobile.h"; sourceTree = "<group>"; fileEncoding = 4; lastKnownFileType = sourcecode.c.h; explicitFileType = undefined; includeInIndex = 0; };
		AE27C823DFA9401AB2A59C83 /* PayPalOAuthScopes.h */ = {isa = PBXFileReference; name = "PayPalOAuthScopes.h"; path = "com.paypal.cordova.mobilesdk/PayPalOAuthScopes.h"; sourceTree = "<group>"; fileEncoding = 4; lastKnownFileType = sourcecode.c.h; explicitFileType = undefined; includeInIndex = 0; };
		8CC433EFF59C45FF83F523AD /* PayPalPayment.h */ = {isa = PBXFileReference; name = "PayPalPayment.h"; path = "com.paypal.cordova.mobilesdk/PayPalPayment.h"; sourceTree = "<group>"; fileEncoding = 4; lastKnownFileType = sourcecode.c.h; explicitFileType = undefined; includeInIndex = 0; };
		8A5A781DF75B479BA43035C8 /* PayPalPaymentViewController.h */ = {isa = PBXFileReference; name = "PayPalPaymentViewController.h"; path = "com.paypal.cordova.mobilesdk/PayPalPaymentViewController.h"; sourceTree = "<group>"; fileEncoding = 4; lastKnownFileType = sourcecode.c.h; explicitFileType = undefined; includeInIndex = 0; };
		2EE3173962CF448ABC567D30 /* PayPalProfileSharingViewController.h */ = {isa = PBXFileReference; name = "PayPalProfileSharingViewController.h"; path = "com.paypal.cordova.mobilesdk/PayPalProfileSharingViewController.h"; sourceTree = "<group>"; fileEncoding = 4; lastKnownFileType = sourcecode.c.h; explicitFileType = undefined; includeInIndex = 0; };
		66DA04409BB748F5BCA9BFDE /* CFNetwork.framework */ = {isa = PBXFileReference; name = "CFNetwork.framework"; path = "System/Library/Frameworks/CFNetwork.framework"; sourceTree = SDKROOT; fileEncoding = undefined; lastKnownFileType = wrapper.framework; explicitFileType = undefined; includeInIndex = 0; };
		DB72EE92B03F472686FAD645 /* CoreLocation.framework */ = {isa = PBXFileReference; name = "CoreLocation.framework"; path = "System/Library/Frameworks/CoreLocation.framework"; sourceTree = SDKROOT; fileEncoding = undefined; lastKnownFileType = wrapper.framework; explicitFileType = undefined; includeInIndex = 0; };
		56A5C6925DDA4E3E9DB81CAF /* MessageUI.framework */ = {isa = PBXFileReference; name = "MessageUI.framework"; path = "System/Library/Frameworks/MessageUI.framework"; sourceTree = SDKROOT; fileEncoding = undefined; lastKnownFileType = wrapper.framework; explicitFileType = undefined; includeInIndex = 0; };
		EFAB5FB4EE764A6F8CFBD209 /* SafariServices.framework */ = {isa = PBXFileReference; name = "SafariServices.framework"; path = "System/Library/Frameworks/SafariServices.framework"; sourceTree = SDKROOT; fileEncoding = undefined; lastKnownFileType = wrapper.framework; explicitFileType = undefined; includeInIndex = 0; };
		D1681379510448B18A325759 /* SystemConfiguration.framework */ = {isa = PBXFileReference; name = "SystemConfiguration.framework"; path = "System/Library/Frameworks/SystemConfiguration.framework"; sourceTree = SDKROOT; fileEncoding = undefined; lastKnownFileType = wrapper.framework; explicitFileType = undefined; includeInIndex = 0; };
		9B516A99C4994C548C0A336B /* libPayPalMobile.a */ = {isa = PBXFileReference; name = "libPayPalMobile.a"; path = "libPayPalMobile.a"; sourceTree = "<group>"; fileEncoding = undefined; lastKnownFileType = archive.ar; explicitFileType = undefined; includeInIndex = 0; };
		7ED29CEA1D194FBF8A6DE650 /* UIImage+CropScaleOrientation.m */ = {isa = PBXFileReference; name = "UIImage+CropScaleOrientation.m"; path = "cordova-plugin-camera/UIImage+CropScaleOrientation.m"; sourceTree = "<group>"; fileEncoding = 4; lastKnownFileType = sourcecode.c.objc; explicitFileType = undefined; includeInIndex = 0; };
		EA3DAEFE9778412EB61EF3E1 /* CDVCamera.m */ = {isa = PBXFileReference; name = "CDVCamera.m"; path = "cordova-plugin-camera/CDVCamera.m"; sourceTree = "<group>"; fileEncoding = 4; lastKnownFileType = sourcecode.c.objc; explicitFileType = undefined; includeInIndex = 0; };
		4E171E059C7F4BB4B734AC24 /* CDVJpegHeaderWriter.m */ = {isa = PBXFileReference; name = "CDVJpegHeaderWriter.m"; path = "cordova-plugin-camera/CDVJpegHeaderWriter.m"; sourceTree = "<group>"; fileEncoding = 4; lastKnownFileType = sourcecode.c.objc; explicitFileType = undefined; includeInIndex = 0; };
		48E21846346E4649A99AF942 /* UIImage+CropScaleOrientation.h */ = {isa = PBXFileReference; name = "UIImage+CropScaleOrientation.h"; path = "cordova-plugin-camera/UIImage+CropScaleOrientation.h"; sourceTree = "<group>"; fileEncoding = 4; lastKnownFileType = sourcecode.c.h; explicitFileType = undefined; includeInIndex = 0; };
		D58F7BFB3E794F478C35DE76 /* CDVCamera.h */ = {isa = PBXFileReference; name = "CDVCamera.h"; path = "cordova-plugin-camera/CDVCamera.h"; sourceTree = "<group>"; fileEncoding = 4; lastKnownFileType = sourcecode.c.h; explicitFileType = undefined; includeInIndex = 0; };
		F75B829F15E54B0D98C93767 /* CDVJpegHeaderWriter.h */ = {isa = PBXFileReference; name = "CDVJpegHeaderWriter.h"; path = "cordova-plugin-camera/CDVJpegHeaderWriter.h"; sourceTree = "<group>"; fileEncoding = 4; lastKnownFileType = sourcecode.c.h; explicitFileType = undefined; includeInIndex = 0; };
		017572F08A5141AB94DAF4E9 /* CDVExif.h */ = {isa = PBXFileReference; name = "CDVExif.h"; path = "cordova-plugin-camera/CDVExif.h"; sourceTree = "<group>"; fileEncoding = 4; lastKnownFileType = sourcecode.c.h; explicitFileType = undefined; includeInIndex = 0; };
		ECE11BA325F8449B86DB2F10 /* ImageIO.framework */ = {isa = PBXFileReference; name = "ImageIO.framework"; path = "System/Library/Frameworks/ImageIO.framework"; sourceTree = SDKROOT; fileEncoding = undefined; lastKnownFileType = wrapper.framework; explicitFileType = undefined; includeInIndex = 0; };
		672BBE4136F84D579B248777 /* CDVBarcodeScanner.mm */ = {isa = PBXFileReference; name = "CDVBarcodeScanner.mm"; path = "phonegap-plugin-barcodescanner/CDVBarcodeScanner.mm"; sourceTree = "<group>"; fileEncoding = undefined; lastKnownFileType = unknown; explicitFileType = undefined; includeInIndex = 0; };
		6204E3CF4A6D44D78D7ACB99 /* scannerOverlay.xib */ = {isa = PBXFileReference; name = "scannerOverlay.xib"; path = "scannerOverlay.xib"; sourceTree = "<group>"; fileEncoding = undefined; lastKnownFileType = file.xib; explicitFileType = undefined; includeInIndex = 0; };
		F89EB73116E04505B56FCA65 /* CDVBarcodeScanner.bundle */ = {isa = PBXFileReference; name = "CDVBarcodeScanner.bundle"; path = "CDVBarcodeScanner.bundle"; sourceTree = "<group>"; fileEncoding = undefined; lastKnownFileType = wrapper.plug-in; explicitFileType = undefined; includeInIndex = 0; };
		C975B044CF4E41BD873A3D32 /* GooglePlus.m */ = {isa = PBXFileReference; name = "GooglePlus.m"; path = "cordova-plugin-googleplus/GooglePlus.m"; sourceTree = "<group>"; fileEncoding = 4; lastKnownFileType = sourcecode.c.objc; explicitFileType = undefined; includeInIndex = 0; };
		DA6C7624567B4AACB86A9E81 /* GooglePlus.h */ = {isa = PBXFileReference; name = "GooglePlus.h"; path = "cordova-plugin-googleplus/GooglePlus.h"; sourceTree = "<group>"; fileEncoding = 4; lastKnownFileType = sourcecode.c.h; explicitFileType = undefined; includeInIndex = 0; };
		9C85C23FEE8140A29C6CC592 /* GoogleAppUtilities.framework */ = {isa = PBXFileReference; name = "GoogleAppUtilities.framework"; path = "Ionic4 Starter App/Plugins/cordova-plugin-googleplus/GoogleAppUtilities.framework"; sourceTree = "<group>"; fileEncoding = undefined; lastKnownFileType = wrapper.framework; explicitFileType = undefined; includeInIndex = 0; };
		83F1B899D82B469098344336 /* GoogleAuthUtilities.framework */ = {isa = PBXFileReference; name = "GoogleAuthUtilities.framework"; path = "Ionic4 Starter App/Plugins/cordova-plugin-googleplus/GoogleAuthUtilities.framework"; sourceTree = "<group>"; fileEncoding = undefined; lastKnownFileType = wrapper.framework; explicitFileType = undefined; includeInIndex = 0; };
		3DEF7F982A284514AEA1436D /* GoogleNetworkingUtilities.framework */ = {isa = PBXFileReference; name = "GoogleNetworkingUtilities.framework"; path = "Ionic4 Starter App/Plugins/cordova-plugin-googleplus/GoogleNetworkingUtilities.framework"; sourceTree = "<group>"; fileEncoding = undefined; lastKnownFileType = wrapper.framework; explicitFileType = undefined; includeInIndex = 0; };
		EF74E327946F41A59CB88864 /* GoogleSignIn.framework */ = {isa = PBXFileReference; name = "GoogleSignIn.framework"; path = "Ionic4 Starter App/Plugins/cordova-plugin-googleplus/GoogleSignIn.framework"; sourceTree = "<group>"; fileEncoding = undefined; lastKnownFileType = wrapper.framework; explicitFileType = undefined; includeInIndex = 0; };
		72647E0EC3E34846839D0F3B /* GoogleSymbolUtilities.framework */ = {isa = PBXFileReference; name = "GoogleSymbolUtilities.framework"; path = "Ionic4 Starter App/Plugins/cordova-plugin-googleplus/GoogleSymbolUtilities.framework"; sourceTree = "<group>"; fileEncoding = undefined; lastKnownFileType = wrapper.framework; explicitFileType = undefined; includeInIndex = 0; };
		CDC35D398F934CDBAF24F4B9 /* GoogleUtilities.framework */ = {isa = PBXFileReference; name = "GoogleUtilities.framework"; path = "Ionic4 Starter App/Plugins/cordova-plugin-googleplus/GoogleUtilities.framework"; sourceTree = "<group>"; fileEncoding = undefined; lastKnownFileType = wrapper.framework; explicitFileType = undefined; includeInIndex = 0; };
		8143D986AA9343038A230F9B /* AddressBook.framework */ = {isa = PBXFileReference; name = "AddressBook.framework"; path = "System/Library/Frameworks/AddressBook.framework"; sourceTree = SDKROOT; fileEncoding = undefined; lastKnownFileType = wrapper.framework; explicitFileType = undefined; includeInIndex = 0; };
		942548FB9D8D41DEA513852E /* CoreText.framework */ = {isa = PBXFileReference; name = "CoreText.framework"; path = "System/Library/Frameworks/CoreText.framework"; sourceTree = SDKROOT; fileEncoding = undefined; lastKnownFileType = wrapper.framework; explicitFileType = undefined; includeInIndex = 0; };
		DF568E244D2C401CBA00926F /* libz.tbd */ = {isa = PBXFileReference; name = "libz.tbd"; path = "usr/lib/libz.tbd"; sourceTree = SDKROOT; fileEncoding = undefined; lastKnownFileType = sourcecode.text-based-dylib-definition; explicitFileType = undefined; includeInIndex = 0; };
		D68898A1D2B44FBFAD8E64D1 /* libz.dylib */ = {isa = PBXFileReference; name = "libz.dylib"; path = "usr/lib/libz.dylib"; sourceTree = SDKROOT; fileEncoding = undefined; lastKnownFileType = compiled.mach-o.dylib; explicitFileType = undefined; includeInIndex = 0; };
		33B2294B23D14C7399229C8D /* CDVFile.m */ = {isa = PBXFileReference; name = "CDVFile.m"; path = "cordova-plugin-file/CDVFile.m"; sourceTree = "<group>"; fileEncoding = 4; lastKnownFileType = sourcecode.c.objc; explicitFileType = undefined; includeInIndex = 0; };
		203A0CE6CEB14B99B285EEBC /* CDVLocalFilesystem.m */ = {isa = PBXFileReference; name = "CDVLocalFilesystem.m"; path = "cordova-plugin-file/CDVLocalFilesystem.m"; sourceTree = "<group>"; fileEncoding = 4; lastKnownFileType = sourcecode.c.objc; explicitFileType = undefined; includeInIndex = 0; };
		6D24C667F4A24DE1BF7313FA /* CDVAssetLibraryFilesystem.m */ = {isa = PBXFileReference; name = "CDVAssetLibraryFilesystem.m"; path = "cordova-plugin-file/CDVAssetLibraryFilesystem.m"; sourceTree = "<group>"; fileEncoding = 4; lastKnownFileType = sourcecode.c.objc; explicitFileType = undefined; includeInIndex = 0; };
		718E130BACF54A47AABCE269 /* CDVFile.h */ = {isa = PBXFileReference; name = "CDVFile.h"; path = "cordova-plugin-file/CDVFile.h"; sourceTree = "<group>"; fileEncoding = 4; lastKnownFileType = sourcecode.c.h; explicitFileType = undefined; includeInIndex = 0; };
		826521E43B9B4FE89F4C59E4 /* CDVLocalFilesystem.h */ = {isa = PBXFileReference; name = "CDVLocalFilesystem.h"; path = "cordova-plugin-file/CDVLocalFilesystem.h"; sourceTree = "<group>"; fileEncoding = 4; lastKnownFileType = sourcecode.c.h; explicitFileType = undefined; includeInIndex = 0; };
		40D46BA9E3B44A5E8DF606B1 /* CDVAssetLibraryFilesystem.h */ = {isa = PBXFileReference; name = "CDVAssetLibraryFilesystem.h"; path = "cordova-plugin-file/CDVAssetLibraryFilesystem.h"; sourceTree = "<group>"; fileEncoding = 4; lastKnownFileType = sourcecode.c.h; explicitFileType = undefined; includeInIndex = 0; };
		7CCD0CE8D73B4934913CEABA /* CordovaHttpPlugin.m */ = {isa = PBXFileReference; name = "CordovaHttpPlugin.m"; path = "cordova-plugin-advanced-http/CordovaHttpPlugin.m"; sourceTree = "<group>"; fileEncoding = 4; lastKnownFileType = sourcecode.c.objc; explicitFileType = undefined; includeInIndex = 0; };
		F845E9B40EA34C3D875C9A62 /* BinaryRequestSerializer.m */ = {isa = PBXFileReference; name = "BinaryRequestSerializer.m"; path = "cordova-plugin-advanced-http/BinaryRequestSerializer.m"; sourceTree = "<group>"; fileEncoding = 4; lastKnownFileType = sourcecode.c.objc; explicitFileType = undefined; includeInIndex = 0; };
		E8CC873FAA4547288BDD1704 /* BinaryResponseSerializer.m */ = {isa = PBXFileReference; name = "BinaryResponseSerializer.m"; path = "cordova-plugin-advanced-http/BinaryResponseSerializer.m"; sourceTree = "<group>"; fileEncoding = 4; lastKnownFileType = sourcecode.c.objc; explicitFileType = undefined; includeInIndex = 0; };
		0816A652BF85447BAB92F703 /* TextResponseSerializer.m */ = {isa = PBXFileReference; name = "TextResponseSerializer.m"; path = "cordova-plugin-advanced-http/TextResponseSerializer.m"; sourceTree = "<group>"; fileEncoding = 4; lastKnownFileType = sourcecode.c.objc; explicitFileType = undefined; includeInIndex = 0; };
		4E6D04FAB1C0424BA4909535 /* TextRequestSerializer.m */ = {isa = PBXFileReference; name = "TextRequestSerializer.m"; path = "cordova-plugin-advanced-http/TextRequestSerializer.m"; sourceTree = "<group>"; fileEncoding = 4; lastKnownFileType = sourcecode.c.objc; explicitFileType = undefined; includeInIndex = 0; };
		33833073C54A4B8CA1F55225 /* AFHTTPSessionManager.m */ = {isa = PBXFileReference; name = "AFHTTPSessionManager.m"; path = "cordova-plugin-advanced-http/AFHTTPSessionManager.m"; sourceTree = "<group>"; fileEncoding = 4; lastKnownFileType = sourcecode.c.objc; explicitFileType = undefined; includeInIndex = 0; };
		8A7101992CFA49D0B7A36AF8 /* AFNetworkReachabilityManager.m */ = {isa = PBXFileReference; name = "AFNetworkReachabilityManager.m"; path = "cordova-plugin-advanced-http/AFNetworkReachabilityManager.m"; sourceTree = "<group>"; fileEncoding = 4; lastKnownFileType = sourcecode.c.objc; explicitFileType = undefined; includeInIndex = 0; };
		120A225B4AAA4C4B83F7B11A /* AFSecurityPolicy.m */ = {isa = PBXFileReference; name = "AFSecurityPolicy.m"; path = "cordova-plugin-advanced-http/AFSecurityPolicy.m"; sourceTree = "<group>"; fileEncoding = 4; lastKnownFileType = sourcecode.c.objc; explicitFileType = undefined; includeInIndex = 0; };
		C637ACC51AB149BC941F7FC3 /* AFURLRequestSerialization.m */ = {isa = PBXFileReference; name = "AFURLRequestSerialization.m"; path = "cordova-plugin-advanced-http/AFURLRequestSerialization.m"; sourceTree = "<group>"; fileEncoding = 4; lastKnownFileType = sourcecode.c.objc; explicitFileType = undefined; includeInIndex = 0; };
		AC7D4238D1F14FF9930A5231 /* AFURLResponseSerialization.m */ = {isa = PBXFileReference; name = "AFURLResponseSerialization.m"; path = "cordova-plugin-advanced-http/AFURLResponseSerialization.m"; sourceTree = "<group>"; fileEncoding = 4; lastKnownFileType = sourcecode.c.objc; explicitFileType = undefined; includeInIndex = 0; };
		9A2E5692E1904C9E8A15C015 /* AFURLSessionManager.m */ = {isa = PBXFileReference; name = "AFURLSessionManager.m"; path = "cordova-plugin-advanced-http/AFURLSessionManager.m"; sourceTree = "<group>"; fileEncoding = 4; lastKnownFileType = sourcecode.c.objc; explicitFileType = undefined; includeInIndex = 0; };
		526116AB9C454F34823077DE /* SDNetworkActivityIndicator.m */ = {isa = PBXFileReference; name = "SDNetworkActivityIndicator.m"; path = "cordova-plugin-advanced-http/SDNetworkActivityIndicator.m"; sourceTree = "<group>"; fileEncoding = 4; lastKnownFileType = sourcecode.c.objc; explicitFileType = undefined; includeInIndex = 0; };
		195AFB82C21441FF99185191 /* CordovaHttpPlugin.h */ = {isa = PBXFileReference; name = "CordovaHttpPlugin.h"; path = "cordova-plugin-advanced-http/CordovaHttpPlugin.h"; sourceTree = "<group>"; fileEncoding = 4; lastKnownFileType = sourcecode.c.h; explicitFileType = undefined; includeInIndex = 0; };
		F2904791F1F14498B701E76C /* BinaryRequestSerializer.h */ = {isa = PBXFileReference; name = "BinaryRequestSerializer.h"; path = "cordova-plugin-advanced-http/BinaryRequestSerializer.h"; sourceTree = "<group>"; fileEncoding = 4; lastKnownFileType = sourcecode.c.h; explicitFileType = undefined; includeInIndex = 0; };
		A188C06385BD4C2BA5F377BB /* BinaryResponseSerializer.h */ = {isa = PBXFileReference; name = "BinaryResponseSerializer.h"; path = "cordova-plugin-advanced-http/BinaryResponseSerializer.h"; sourceTree = "<group>"; fileEncoding = 4; lastKnownFileType = sourcecode.c.h; explicitFileType = undefined; includeInIndex = 0; };
		3CDB3C1F151E428F8F7C028F /* TextResponseSerializer.h */ = {isa = PBXFileReference; name = "TextResponseSerializer.h"; path = "cordova-plugin-advanced-http/TextResponseSerializer.h"; sourceTree = "<group>"; fileEncoding = 4; lastKnownFileType = sourcecode.c.h; explicitFileType = undefined; includeInIndex = 0; };
		99AC7E4E97854AA78772F96D /* TextRequestSerializer.h */ = {isa = PBXFileReference; name = "TextRequestSerializer.h"; path = "cordova-plugin-advanced-http/TextRequestSerializer.h"; sourceTree = "<group>"; fileEncoding = 4; lastKnownFileType = sourcecode.c.h; explicitFileType = undefined; includeInIndex = 0; };
		E373E863490446498ADF1F49 /* AFHTTPSessionManager.h */ = {isa = PBXFileReference; name = "AFHTTPSessionManager.h"; path = "cordova-plugin-advanced-http/AFHTTPSessionManager.h"; sourceTree = "<group>"; fileEncoding = 4; lastKnownFileType = sourcecode.c.h; explicitFileType = undefined; includeInIndex = 0; };
		8D3CD5A37C22488CAC7A4353 /* AFNetworking.h */ = {isa = PBXFileReference; name = "AFNetworking.h"; path = "cordova-plugin-advanced-http/AFNetworking.h"; sourceTree = "<group>"; fileEncoding = 4; lastKnownFileType = sourcecode.c.h; explicitFileType = undefined; includeInIndex = 0; };
		13FCBE6BC232476489932FC1 /* AFNetworkReachabilityManager.h */ = {isa = PBXFileReference; name = "AFNetworkReachabilityManager.h"; path = "cordova-plugin-advanced-http/AFNetworkReachabilityManager.h"; sourceTree = "<group>"; fileEncoding = 4; lastKnownFileType = sourcecode.c.h; explicitFileType = undefined; includeInIndex = 0; };
		D65D15F9ACFA437DAE62F5CC /* AFSecurityPolicy.h */ = {isa = PBXFileReference; name = "AFSecurityPolicy.h"; path = "cordova-plugin-advanced-http/AFSecurityPolicy.h"; sourceTree = "<group>"; fileEncoding = 4; lastKnownFileType = sourcecode.c.h; explicitFileType = undefined; includeInIndex = 0; };
		B29AFA7BCD36464D95FC2D4A /* AFURLRequestSerialization.h */ = {isa = PBXFileReference; name = "AFURLRequestSerialization.h"; path = "cordova-plugin-advanced-http/AFURLRequestSerialization.h"; sourceTree = "<group>"; fileEncoding = 4; lastKnownFileType = sourcecode.c.h; explicitFileType = undefined; includeInIndex = 0; };
		92668555FE6145B28337D515 /* AFURLResponseSerialization.h */ = {isa = PBXFileReference; name = "AFURLResponseSerialization.h"; path = "cordova-plugin-advanced-http/AFURLResponseSerialization.h"; sourceTree = "<group>"; fileEncoding = 4; lastKnownFileType = sourcecode.c.h; explicitFileType = undefined; includeInIndex = 0; };
		E181169CE1674E04B9BC8C03 /* AFURLSessionManager.h */ = {isa = PBXFileReference; name = "AFURLSessionManager.h"; path = "cordova-plugin-advanced-http/AFURLSessionManager.h"; sourceTree = "<group>"; fileEncoding = 4; lastKnownFileType = sourcecode.c.h; explicitFileType = undefined; includeInIndex = 0; };
		F9A4F82EBCBE4DA8B614492B /* SDNetworkActivityIndicator.h */ = {isa = PBXFileReference; name = "SDNetworkActivityIndicator.h"; path = "cordova-plugin-advanced-http/SDNetworkActivityIndicator.h"; sourceTree = "<group>"; fileEncoding = 4; lastKnownFileType = sourcecode.c.h; explicitFileType = undefined; includeInIndex = 0; };
/* End PBXFileReference section */

/* Begin PBXFrameworksBuildPhase section */
		1D60588F0D05DD3D006BFB54 /* Frameworks */ = {
			isa = PBXFrameworksBuildPhase;
			buildActionMask = 2147483647;
			files = (
				301BF552109A68D80062928A /* libCordova.a in Frameworks */,
				6546514BDDF64B6BB4A24CBA /* WebKit.framework in Frameworks */,
				78CB8B074B604F36B2E44E6C /* Stripe.framework in Frameworks */,
				31AC4D77B51144A28F276FF2 /* libCardIO.a in Frameworks */,
				70C5DF7A21D34D70B70644A1 /* libopencv_core.a in Frameworks */,
				908DE8FFF46A461294E1BF20 /* libopencv_imgproc.a in Frameworks */,
				A15296C5F5EE484A93FB9206 /* Accelerate.framework in Frameworks */,
				493D6B2B06184367B5FB6946 /* AudioToolbox.framework in Frameworks */,
				64DAB5FFA1004091967B558D /* AVFoundation.framework in Frameworks */,
				CE5947CD2EB44F218AAFE53C /* CoreMedia.framework in Frameworks */,
				8535C9C2802849D9B8AB0D34 /* CoreVideo.framework in Frameworks */,
				B7C22916B27741DCA197A6C6 /* Foundation.framework in Frameworks */,
				85784C1A87C942EA9C915BFD /* OpenGLES.framework in Frameworks */,
				FACB6A06BF6644FE80CB4565 /* QuartzCore.framework in Frameworks */,
				BE72F8F7DB1B4143B0AFAF68 /* Security.framework in Frameworks */,
				9EF3F4C9D490408A9646B178 /* UIKit.framework in Frameworks */,
				6C9658D39BD54C8E88FD2286 /* libc++.dylib in Frameworks */,
				B88068C83F5B44C1AF08479A /* libPayPalMobile.a in Frameworks */,
				E4F4474ECF9744A2A6BF598E /* CFNetwork.framework in Frameworks */,
				495E6C60EA8A485681E7DBEB /* CoreLocation.framework in Frameworks */,
				C8A7ECCB2A1A49A096FE7859 /* MessageUI.framework in Frameworks */,
				B16976B5B5D44CA2B727C10D /* SafariServices.framework in Frameworks */,
				2E716FCFF4D2462FB889044B /* SystemConfiguration.framework in Frameworks */,
				0D6BBC64405743E6B39325B8 /* libPayPalMobile.a in Frameworks */,
				2DB2C1DC77624E788EBA22AB /* ImageIO.framework in Frameworks */,
				7709AB665A2E4BB395AB043E /* GoogleAppUtilities.framework in Frameworks */,
				2BFAB31C7971422BA286362A /* GoogleAuthUtilities.framework in Frameworks */,
				B4D38773C3014A0CA68E7912 /* GoogleNetworkingUtilities.framework in Frameworks */,
				EC7EC7D91EC642EA9B998B61 /* GoogleSignIn.framework in Frameworks */,
				05410F03CA144B2F936DA046 /* GoogleSymbolUtilities.framework in Frameworks */,
				3494F27A59B64E5DBE01D6B8 /* GoogleUtilities.framework in Frameworks */,
				365FFB09CC17491B94D137A4 /* AddressBook.framework in Frameworks */,
				A4C5E351289F42B4A8FDF0E2 /* CoreText.framework in Frameworks */,
				D7AF9947B75D4593A8030F18 /* libz.tbd in Frameworks */,
				6B41C725C367473AB11CBD31 /* libz.dylib in Frameworks */,
			);
			runOnlyForDeploymentPostprocessing = 0;
		};
/* End PBXFrameworksBuildPhase section */

/* Begin PBXGroup section */
		080E96DDFE201D6D7F000001 /* Classes */ = {
			isa = PBXGroup;
			children = (
				302D95EE14D2391D003F00A1 /* MainViewController.h */,
				302D95EF14D2391D003F00A1 /* MainViewController.m */,
				302D95F014D2391D003F00A1 /* MainViewController.xib */,
				1D3623240D0F684500981E51 /* AppDelegate.h */,
				1D3623250D0F684500981E51 /* AppDelegate.m */,
			);
			name = Classes;
			path = "Ionic4 Starter App/Classes";
			sourceTree = SOURCE_ROOT;
		};
		19C28FACFE9D520D11CA2CBB /* Products */ = {
			isa = PBXGroup;
			children = (
				1D6058910D05DD3D006BFB54 /* Ionic4 Starter App.app */,
			);
			name = Products;
			sourceTree = "<group>";
		};
		29B97314FDCFA39411CA2CEA /* CustomTemplate */ = {
			isa = PBXGroup;
			children = (
				EB87FDF41871DAF40020F90C /* config.xml */,
				EB87FDF31871DA8E0020F90C /* www */,
				EB87FDF11871DA420020F90C /* Staging */,
				301BF52D109A57CC0062928A /* CordovaLib.xcodeproj */,
				080E96DDFE201D6D7F000001 /* Classes */,
				307C750510C5A3420062BCA9 /* Plugins */,
				29B97315FDCFA39411CA2CEA /* Other Sources */,
				29B97317FDCFA39411CA2CEA /* Resources */,
				29B97323FDCFA39411CA2CEA /* Frameworks */,
				19C28FACFE9D520D11CA2CBB /* Products */,
			);
			name = CustomTemplate;
			sourceTree = "<group>";
		};
		29B97315FDCFA39411CA2CEA /* Other Sources */ = {
			isa = PBXGroup;
			children = (
				32CA4F630368D1EE00C91783 /* Ionic4 Starter App-Prefix.pch */,
				29B97316FDCFA39411CA2CEA /* main.m */,
				ED33DF2A687741AEAF9F8254 /* Bridging-Header.h */,
			);
			name = "Other Sources";
			path = "Ionic4 Starter App";
			sourceTree = "<group>";
		};
		29B97317FDCFA39411CA2CEA /* Resources */ = {
			isa = PBXGroup;
			children = (
				0207DA571B56EA530066E2B4 /* Images.xcassets */,
				3047A50E1AB8057F00498E2A /* config */,
				8D1107310486CEB800E47090 /* Ionic4 Starter App-Info.plist */,
				6AFF5BF81D6E424B00AB3073 /* CDVLaunchScreen.storyboard */,
				6204E3CF4A6D44D78D7ACB99 /* scannerOverlay.xib */,
				F89EB73116E04505B56FCA65 /* CDVBarcodeScanner.bundle */,
			);
			name = Resources;
			path = "Ionic4 Starter App/Resources";
			sourceTree = "<group>";
		};
		29B97323FDCFA39411CA2CEA /* Frameworks */ = {
			isa = PBXGroup;
			children = (
				A01E77D4DD084D6CAB5E8FD4 /* WebKit.framework */,
				10EF8CC2B91A4345868A007E /* Stripe.framework */,
				9E5C0C87DB03411CA24E0B44 /* libCardIO.a */,
				A1126A6749504971BEE0838C /* libopencv_core.a */,
				1663870101AF4E928AAFCA34 /* libopencv_imgproc.a */,
				BAC0A6F49036480B91742EE4 /* Accelerate.framework */,
				E13CC1C50E234AC1B1E285F6 /* AudioToolbox.framework */,
				DB1C600D05044D9D897F7C4C /* AVFoundation.framework */,
				661EDD5CEA844FCBAF758591 /* CoreMedia.framework */,
				8753BE20F7834D5F92E4F7C2 /* CoreVideo.framework */,
				CE6BEACF83254909B540BC45 /* Foundation.framework */,
				B1A870926BA74691A941A998 /* OpenGLES.framework */,
				83410D7223674F6F86398667 /* QuartzCore.framework */,
				63033FAFBCB249B3A6EF2FA7 /* Security.framework */,
				B135DC99F0C14B7B9D6DBCEE /* UIKit.framework */,
				AC9EC987B2F7462A91D8B222 /* libc++.dylib */,
				488C572147DF4E378D5173E3 /* libPayPalMobile.a */,
				66DA04409BB748F5BCA9BFDE /* CFNetwork.framework */,
				DB72EE92B03F472686FAD645 /* CoreLocation.framework */,
				56A5C6925DDA4E3E9DB81CAF /* MessageUI.framework */,
				EFAB5FB4EE764A6F8CFBD209 /* SafariServices.framework */,
				D1681379510448B18A325759 /* SystemConfiguration.framework */,
				9B516A99C4994C548C0A336B /* libPayPalMobile.a */,
				ECE11BA325F8449B86DB2F10 /* ImageIO.framework */,
				9C85C23FEE8140A29C6CC592 /* GoogleAppUtilities.framework */,
				83F1B899D82B469098344336 /* GoogleAuthUtilities.framework */,
				3DEF7F982A284514AEA1436D /* GoogleNetworkingUtilities.framework */,
				EF74E327946F41A59CB88864 /* GoogleSignIn.framework */,
				72647E0EC3E34846839D0F3B /* GoogleSymbolUtilities.framework */,
				CDC35D398F934CDBAF24F4B9 /* GoogleUtilities.framework */,
				8143D986AA9343038A230F9B /* AddressBook.framework */,
				942548FB9D8D41DEA513852E /* CoreText.framework */,
				DF568E244D2C401CBA00926F /* libz.tbd */,
				D68898A1D2B44FBFAD8E64D1 /* libz.dylib */,
			);
			name = Frameworks;
			sourceTree = "<group>";
		};
		301BF52E109A57CC0062928A /* Products */ = {
			isa = PBXGroup;
			children = (
				301BF535109A57CC0062928A /* libCordova.a */,
				907D8124214C687600058A10 /* Cordova.framework */,
			);
			name = Products;
			sourceTree = "<group>";
		};
		3047A50E1AB8057F00498E2A /* config */ = {
			isa = PBXGroup;
			children = (
				3047A50F1AB8059700498E2A /* build-debug.xcconfig */,
				3047A5101AB8059700498E2A /* build-release.xcconfig */,
				3047A5111AB8059700498E2A /* build.xcconfig */,
			);
			name = config;
			sourceTree = "<group>";
		};
		307C750510C5A3420062BCA9 /* Plugins */ = {
			isa = PBXGroup;
			children = (
				8417A6DA939B48589FDCEDC1 /* CDVStatusBar.m */,
				B90FA839705346759FD7FE12 /* CDVStatusBar.h */,
				E87957E340EA42F2AE03436D /* CDVDevice.m */,
				E02AE49EF3A9419AA97CFBE3 /* CDVDevice.h */,
				29AA145DE72B47E48E2BB108 /* CDVSplashScreen.m */,
				0BFA7FAA3A75448987F05F5B /* CDVViewController+SplashScreen.m */,
				F79C292025F246C69CF5DA89 /* CDVSplashScreen.h */,
				71126D46C78146D0AD476C5C /* CDVViewController+SplashScreen.h */,
				A13B969DA1A94F96830A125F /* CDVWKWebViewEngine.m */,
				DAA18526695C4D15BF04AE9F /* CDVWKWebViewUIDelegate.m */,
				AE39837BF41E41109EF612C7 /* CDVWKProcessPoolFactory.m */,
				59EEFCC726B146E2920F042C /* IONAssetHandler.m */,
				C2E63159812740F5A98A97A5 /* CDVWKWebViewEngine.h */,
				C1E04EF2104E4789B4B9167D /* CDVWKWebViewUIDelegate.h */,
				D6550513A4A04F2599D9957B /* CDVWKProcessPoolFactory.h */,
				A8ECE6B01A4E4B47AA66669F /* IONAssetHandler.h */,
				197BDC07F79B43D593C164A7 /* CDVIonicKeyboard.m */,
				1761195100B443CEA266B61E /* CDVIonicKeyboard.h */,
				C6AE48B33A1048B8BABC94CE /* CordovaStripe.m */,
				1A9C312D740D41129F688C4C /* CordovaStripe.h */,
				CA054DACCF014365BCED92CB /* CDVInAppBrowser.m */,
				C13013BF5DB54B548B7FBF32 /* CDVInAppBrowserOptions.m */,
				D7C0C0A8DBD84C46BDEB9DFF /* CDVInAppBrowserNavigationController.m */,
				8C317A93C20741DDBB38743F /* CDVUIInAppBrowser.m */,
				0DCA004337874C9AB84E37C9 /* CDVWKInAppBrowser.m */,
				6ED3D591A57846D7B09950C7 /* CDVWKInAppBrowserUIDelegate.m */,
				6B0385C3C85E47E8A52A575A /* CDVInAppBrowser.h */,
				436E35ED253542EA80EBAA1F /* CDVInAppBrowserOptions.h */,
				348057B8B7AC40F9A3482C1B /* CDVInAppBrowserNavigationController.h */,
				5C4397FA944C4250A2D45DC4 /* CDVUIInAppBrowser.h */,
				A04950CA2FA8452F8771D245 /* CDVWKInAppBrowser.h */,
				27723D7ADEB54D88BDD48CB6 /* CDVWKInAppBrowserUIDelegate.h */,
				4586D55A97424DC7AC5F0D42 /* CardIOCordovaPlugin.m */,
				CEC10D2263B64CD88497DEBC /* CardIOCordovaPlugin.h */,
				C64C07746DA74D23AB1406B3 /* CardIO.h */,
				7890495D733548BABAC5EB06 /* CardIOCreditCardInfo.h */,
				CF53FBF1A85A4E31B2637A55 /* CardIODetectionMode.h */,
				B224828AEDE145E3B52B95DB /* CardIOPaymentViewController.h */,
				82E5C45DEB264A1D9D213153 /* CardIOPaymentViewControllerDelegate.h */,
				CCCAE164DA574893B8A63CE7 /* CardIOUtilities.h */,
				4FB370C1C52D4DD9A92237A0 /* CardIOView.h */,
				10C1749512824B47A6B145F3 /* CardIOViewDelegate.h */,
				2BB28D33EA8E4ADC9BF02354 /* PayPalMobileCordovaPlugin.m */,
				89E7054045F641C78B2503AA /* PayPalMobileCordovaPlugin.h */,
				12BC41E6415A41EB811735A4 /* PayPalConfiguration.h */,
				F1B92B3E69444BCA9E57CC1C /* PayPalFuturePaymentViewController.h */,
				B5903690BC1F481DA07EE343 /* PayPalMobile.h */,
				AE27C823DFA9401AB2A59C83 /* PayPalOAuthScopes.h */,
				8CC433EFF59C45FF83F523AD /* PayPalPayment.h */,
				8A5A781DF75B479BA43035C8 /* PayPalPaymentViewController.h */,
				2EE3173962CF448ABC567D30 /* PayPalProfileSharingViewController.h */,
				7ED29CEA1D194FBF8A6DE650 /* UIImage+CropScaleOrientation.m */,
				EA3DAEFE9778412EB61EF3E1 /* CDVCamera.m */,
				4E171E059C7F4BB4B734AC24 /* CDVJpegHeaderWriter.m */,
				48E21846346E4649A99AF942 /* UIImage+CropScaleOrientation.h */,
				D58F7BFB3E794F478C35DE76 /* CDVCamera.h */,
				F75B829F15E54B0D98C93767 /* CDVJpegHeaderWriter.h */,
				017572F08A5141AB94DAF4E9 /* CDVExif.h */,
				672BBE4136F84D579B248777 /* CDVBarcodeScanner.mm */,
				C975B044CF4E41BD873A3D32 /* GooglePlus.m */,
				DA6C7624567B4AACB86A9E81 /* GooglePlus.h */,
				33B2294B23D14C7399229C8D /* CDVFile.m */,
				203A0CE6CEB14B99B285EEBC /* CDVLocalFilesystem.m */,
				6D24C667F4A24DE1BF7313FA /* CDVAssetLibraryFilesystem.m */,
				718E130BACF54A47AABCE269 /* CDVFile.h */,
				826521E43B9B4FE89F4C59E4 /* CDVLocalFilesystem.h */,
				40D46BA9E3B44A5E8DF606B1 /* CDVAssetLibraryFilesystem.h */,
				7CCD0CE8D73B4934913CEABA /* CordovaHttpPlugin.m */,
				F845E9B40EA34C3D875C9A62 /* BinaryRequestSerializer.m */,
				E8CC873FAA4547288BDD1704 /* BinaryResponseSerializer.m */,
				0816A652BF85447BAB92F703 /* TextResponseSerializer.m */,
				4E6D04FAB1C0424BA4909535 /* TextRequestSerializer.m */,
				33833073C54A4B8CA1F55225 /* AFHTTPSessionManager.m */,
				8A7101992CFA49D0B7A36AF8 /* AFNetworkReachabilityManager.m */,
				120A225B4AAA4C4B83F7B11A /* AFSecurityPolicy.m */,
				C637ACC51AB149BC941F7FC3 /* AFURLRequestSerialization.m */,
				AC7D4238D1F14FF9930A5231 /* AFURLResponseSerialization.m */,
				9A2E5692E1904C9E8A15C015 /* AFURLSessionManager.m */,
				526116AB9C454F34823077DE /* SDNetworkActivityIndicator.m */,
				195AFB82C21441FF99185191 /* CordovaHttpPlugin.h */,
				F2904791F1F14498B701E76C /* BinaryRequestSerializer.h */,
				A188C06385BD4C2BA5F377BB /* BinaryResponseSerializer.h */,
				3CDB3C1F151E428F8F7C028F /* TextResponseSerializer.h */,
				99AC7E4E97854AA78772F96D /* TextRequestSerializer.h */,
				E373E863490446498ADF1F49 /* AFHTTPSessionManager.h */,
				8D3CD5A37C22488CAC7A4353 /* AFNetworking.h */,
				13FCBE6BC232476489932FC1 /* AFNetworkReachabilityManager.h */,
				D65D15F9ACFA437DAE62F5CC /* AFSecurityPolicy.h */,
				B29AFA7BCD36464D95FC2D4A /* AFURLRequestSerialization.h */,
				92668555FE6145B28337D515 /* AFURLResponseSerialization.h */,
				E181169CE1674E04B9BC8C03 /* AFURLSessionManager.h */,
				F9A4F82EBCBE4DA8B614492B /* SDNetworkActivityIndicator.h */,
			);
			name = Plugins;
			path = "Ionic4 Starter App/Plugins";
			sourceTree = SOURCE_ROOT;
		};
		EB87FDF11871DA420020F90C /* Staging */ = {
			isa = PBXGroup;
			children = (
				F840E1F0165FE0F500CFE078 /* config.xml */,
				301BF56E109A69640062928A /* www */,
			);
			name = Staging;
			sourceTree = "<group>";
		};
/* End PBXGroup section */

/* Begin PBXNativeTarget section */
		1D6058900D05DD3D006BFB54 /* Ionic4 Starter App */ = {
			isa = PBXNativeTarget;
			buildConfigurationList = 1D6058960D05DD3E006BFB54 /* Build configuration list for PBXNativeTarget "Ionic4 Starter App" */;
			buildPhases = (
				304B58A110DAC018002A0835 /* Copy www directory */,
				1D60588D0D05DD3D006BFB54 /* Resources */,
				1D60588E0D05DD3D006BFB54 /* Sources */,
				1D60588F0D05DD3D006BFB54 /* Frameworks */,
			);
			buildRules = (
			);
			dependencies = (
				301BF551109A68C00062928A /* PBXTargetDependency */,
			);
			name = "Ionic4 Starter App";
			productName = "Ionic4 Starter App";
			productReference = 1D6058910D05DD3D006BFB54 /* Ionic4 Starter App.app */;
			productType = "com.apple.product-type.application";
		};
/* End PBXNativeTarget section */

/* Begin PBXProject section */
		29B97313FDCFA39411CA2CEA /* Project object */ = {
			isa = PBXProject;
			attributes = {
				LastUpgradeCheck = 510;
				TargetAttributes = {
					1D6058900D05DD3D006BFB54 = {
						ProvisioningStyle = Automatic;
					};
				};
			};
			buildConfigurationList = C01FCF4E08A954540054247B /* Build configuration list for PBXProject "Ionic4 Starter App" */;
			compatibilityVersion = "Xcode 3.2";
			developmentRegion = English;
			hasScannedForEncodings = 1;
			mainGroup = 29B97314FDCFA39411CA2CEA /* CustomTemplate */;
			projectDirPath = "";
			projectReferences = (
				{
					ProductGroup = 301BF52E109A57CC0062928A /* Products */;
					ProjectRef = 301BF52D109A57CC0062928A /* CordovaLib.xcodeproj */;
				},
			);
			projectRoot = "";
			targets = (
				1D6058900D05DD3D006BFB54 /* Ionic4 Starter App */,
			);
		};
/* End PBXProject section */

/* Begin PBXReferenceProxy section */
		301BF535109A57CC0062928A /* libCordova.a */ = {
			isa = PBXReferenceProxy;
			fileType = archive.ar;
			path = libCordova.a;
			remoteRef = 301BF534109A57CC0062928A /* PBXContainerItemProxy */;
			sourceTree = BUILT_PRODUCTS_DIR;
		};
		907D8124214C687600058A10 /* Cordova.framework */ = {
			isa = PBXReferenceProxy;
			fileType = wrapper.framework;
			path = Cordova.framework;
			remoteRef = 907D8123214C687600058A10 /* PBXContainerItemProxy */;
			sourceTree = BUILT_PRODUCTS_DIR;
		};
/* End PBXReferenceProxy section */

/* Begin PBXResourcesBuildPhase section */
		1D60588D0D05DD3D006BFB54 /* Resources */ = {
			isa = PBXResourcesBuildPhase;
			buildActionMask = 2147483647;
			files = (
				302D95F214D2391D003F00A1 /* MainViewController.xib in Resources */,
				0207DA581B56EA530066E2B4 /* Images.xcassets in Resources */,
				6AFF5BF91D6E424B00AB3073 /* CDVLaunchScreen.storyboard in Resources */,
				B4FDA482D5F44928B8B03D7B /* scannerOverlay.xib in Resources */,
				9C8A9072BB4844EB9436CB23 /* CDVBarcodeScanner.bundle in Resources */,
			);
			runOnlyForDeploymentPostprocessing = 0;
		};
/* End PBXResourcesBuildPhase section */

/* Begin PBXShellScriptBuildPhase section */
		304B58A110DAC018002A0835 /* Copy www directory */ = {
			isa = PBXShellScriptBuildPhase;
			buildActionMask = 2147483647;
			files = (
			);
			inputPaths = (
			);
			name = "Copy www directory";
			outputPaths = (
			);
			runOnlyForDeploymentPostprocessing = 0;
			shellPath = /bin/sh;
			shellScript = "\"$SRCROOT/Ionic4 Starter App/Scripts/copy-www-build-step.sh\"";
			showEnvVarsInLog = 0;
		};
/* End PBXShellScriptBuildPhase section */

/* Begin PBXSourcesBuildPhase section */
		1D60588E0D05DD3D006BFB54 /* Sources */ = {
			isa = PBXSourcesBuildPhase;
			buildActionMask = 2147483647;
			files = (
				1D60589B0D05DD56006BFB54 /* main.m in Sources */,
				1D3623260D0F684500981E51 /* AppDelegate.m in Sources */,
				302D95F114D2391D003F00A1 /* MainViewController.m in Sources */,
				14F63272D0F3444AB418C6B0 /* CDVStatusBar.m in Sources */,
				C47BE36ED1C74E98A3AD9869 /* CDVDevice.m in Sources */,
				4A9B9D698FD44B2599DEFF1C /* CDVSplashScreen.m in Sources */,
				7F45855AD04B42AC8B1D7B07 /* CDVViewController+SplashScreen.m in Sources */,
				2519733F4DA54F359C49B901 /* CDVWKWebViewEngine.m in Sources */,
				0890CD6C0F054B04989BC5DE /* CDVWKWebViewUIDelegate.m in Sources */,
				5B86D2E2786F4F55994D097C /* CDVWKProcessPoolFactory.m in Sources */,
				BF6FDD2AA5824048ADD0F065 /* IONAssetHandler.m in Sources */,
				87C9992067A645218369EE1E /* CDVIonicKeyboard.m in Sources */,
				D89D68D0BA574D028E46E796 /* CordovaStripe.m in Sources */,
				7C47498C731040DA8AA9E0B5 /* CDVInAppBrowser.m in Sources */,
				BD5997C562BF42BCA6FD3786 /* CDVInAppBrowserOptions.m in Sources */,
				EF442FF834694511BE92A9AF /* CDVInAppBrowserNavigationController.m in Sources */,
				D13AA41F5B5D478B85A22AD9 /* CDVUIInAppBrowser.m in Sources */,
				2D223A5463EA41758872D837 /* CDVWKInAppBrowser.m in Sources */,
				DE0D53D7BCC144D097AD3989 /* CDVWKInAppBrowserUIDelegate.m in Sources */,
				C16107617D8847B8964BB83E /* CardIOCordovaPlugin.m in Sources */,
				E5834BEDCFFD473FA4513FA5 /* PayPalMobileCordovaPlugin.m in Sources */,
				6BD2A4DA33A84D30914BA3EB /* UIImage+CropScaleOrientation.m in Sources */,
				8B3FFA31C2C4439B85BC8AC4 /* CDVCamera.m in Sources */,
				9A61AC57E99A4BCB910A5357 /* CDVJpegHeaderWriter.m in Sources */,
				0396C11F979447DDB58C2949 /* CDVBarcodeScanner.mm in Resources */,
				53276ACC1CFB4E8BA9BAFB1A /* GooglePlus.m in Sources */,
				F3B535D2150F4B2AB7CAA80C /* CDVFile.m in Sources */,
				1FC251DC01F74DD78495E7B0 /* CDVLocalFilesystem.m in Sources */,
				A3422F2C7A1148E999CD51F8 /* CDVAssetLibraryFilesystem.m in Sources */,
				B2F8BC11AE7240298EAEF855 /* CordovaHttpPlugin.m in Sources */,
				2B079F3B6A784E2E873B1368 /* BinaryRequestSerializer.m in Sources */,
				384654C920954BC2BDF4008D /* BinaryResponseSerializer.m in Sources */,
				C9CC7A8A9D694ABDB92C6744 /* TextResponseSerializer.m in Sources */,
				ED89527E4A804EF8989FD0F9 /* TextRequestSerializer.m in Sources */,
				CE7C331A3F2646DCBE2A30AF /* AFHTTPSessionManager.m in Sources */,
				A3ECAD79559E4D72ADAED9BB /* AFNetworkReachabilityManager.m in Sources */,
				4100F614444944CB80B95BA7 /* AFSecurityPolicy.m in Sources */,
				2B85E56ABF3E4B6D862F6D96 /* AFURLRequestSerialization.m in Sources */,
				DFA2B141504B45A689861B87 /* AFURLResponseSerialization.m in Sources */,
				525959B4D4594CFFB7FFCF97 /* AFURLSessionManager.m in Sources */,
				D7CCEA3151054BDBAEBE571F /* SDNetworkActivityIndicator.m in Sources */,
			);
			runOnlyForDeploymentPostprocessing = 0;
		};
/* End PBXSourcesBuildPhase section */

/* Begin PBXTargetDependency section */
		301BF551109A68C00062928A /* PBXTargetDependency */ = {
			isa = PBXTargetDependency;
			name = CordovaLib;
			targetProxy = 301BF550109A68C00062928A /* PBXContainerItemProxy */;
		};
/* End PBXTargetDependency section */

/* Begin XCBuildConfiguration section */
		1D6058940D05DD3E006BFB54 /* Debug */ = {
			isa = XCBuildConfiguration;
			baseConfigurationReference = 3047A50F1AB8059700498E2A /* build-debug.xcconfig */;
			buildSettings = {
				ALWAYS_SEARCH_USER_PATHS = NO;
				ASSETCATALOG_COMPILER_APPICON_NAME = AppIcon;
				ASSETCATALOG_COMPILER_LAUNCHIMAGE_NAME = LaunchImage;
				CLANG_ENABLE_MODULES = YES;
				CLANG_ENABLE_OBJC_ARC = YES;
				COPY_PHASE_STRIP = NO;
				GCC_DYNAMIC_NO_PIC = NO;
				GCC_OPTIMIZATION_LEVEL = 0;
				GCC_PRECOMPILE_PREFIX_HEADER = YES;
				GCC_PREFIX_HEADER = "Ionic4 Starter App/Ionic4 Starter App-Prefix.pch";
				GCC_THUMB_SUPPORT = NO;
				GCC_VERSION = "";
				INFOPLIST_FILE = "Ionic4 Starter App/Ionic4 Starter App-Info.plist";
				IPHONEOS_DEPLOYMENT_TARGET = 11.0;
				LD_RUNPATH_SEARCH_PATHS = "@executable_path/Frameworks";
				PRODUCT_BUNDLE_IDENTIFIER = io.ionic4.app;
				PRODUCT_NAME = "$(TARGET_NAME)";
				TARGETED_DEVICE_FAMILY = "1,2";
				FRAMEWORK_SEARCH_PATHS = (
					"$(inherited)",
					"\"Ionic4 Starter App/Plugins/cordova-plugin-stripe\"",
					"\"Ionic4 Starter App/Plugins/cordova-plugin-googleplus\"",
					"\"Ionic4 Starter App/Plugins/cordova-plugin-googleplus\"",
					"\"Ionic4 Starter App/Plugins/cordova-plugin-googleplus\"",
					"\"Ionic4 Starter App/Plugins/cordova-plugin-googleplus\"",
					"\"Ionic4 Starter App/Plugins/cordova-plugin-googleplus\"",
					"\"Ionic4 Starter App/Plugins/cordova-plugin-googleplus\"",
				);
				LIBRARY_SEARCH_PATHS = (
					"$(inherited)",
					"\"$(SRCROOT)/$(TARGET_NAME)/Plugins/card.io.cordova.mobilesdk\"",
					"\"$(SRCROOT)/$(TARGET_NAME)/Plugins/card.io.cordova.mobilesdk\"",
					"\"$(SRCROOT)/$(TARGET_NAME)/Plugins/card.io.cordova.mobilesdk\"",
					"\"$(SRCROOT)/$(TARGET_NAME)/Plugins/com.paypal.cordova.mobilesdk\"",
				);
			};
			name = Debug;
		};
		1D6058950D05DD3E006BFB54 /* Release */ = {
			isa = XCBuildConfiguration;
			baseConfigurationReference = 3047A5101AB8059700498E2A /* build-release.xcconfig */;
			buildSettings = {
				ALWAYS_SEARCH_USER_PATHS = NO;
				ASSETCATALOG_COMPILER_APPICON_NAME = AppIcon;
				ASSETCATALOG_COMPILER_LAUNCHIMAGE_NAME = LaunchImage;
				CLANG_ENABLE_MODULES = YES;
				CLANG_ENABLE_OBJC_ARC = YES;
				COPY_PHASE_STRIP = YES;
				GCC_PRECOMPILE_PREFIX_HEADER = YES;
				GCC_PREFIX_HEADER = "Ionic4 Starter App/Ionic4 Starter App-Prefix.pch";
				GCC_THUMB_SUPPORT = NO;
				GCC_VERSION = "";
				INFOPLIST_FILE = "Ionic4 Starter App/Ionic4 Starter App-Info.plist";
				IPHONEOS_DEPLOYMENT_TARGET = 11.0;
				LD_RUNPATH_SEARCH_PATHS = "@executable_path/Frameworks";
				PRODUCT_BUNDLE_IDENTIFIER = io.ionic4.app;
				PRODUCT_NAME = "$(TARGET_NAME)";
				TARGETED_DEVICE_FAMILY = "1,2";
				FRAMEWORK_SEARCH_PATHS = (
					"$(inherited)",
					"\"Ionic4 Starter App/Plugins/cordova-plugin-stripe\"",
					"\"Ionic4 Starter App/Plugins/cordova-plugin-googleplus\"",
					"\"Ionic4 Starter App/Plugins/cordova-plugin-googleplus\"",
					"\"Ionic4 Starter App/Plugins/cordova-plugin-googleplus\"",
					"\"Ionic4 Starter App/Plugins/cordova-plugin-googleplus\"",
					"\"Ionic4 Starter App/Plugins/cordova-plugin-googleplus\"",
					"\"Ionic4 Starter App/Plugins/cordova-plugin-googleplus\"",
				);
				LIBRARY_SEARCH_PATHS = (
					"$(inherited)",
					"\"$(SRCROOT)/$(TARGET_NAME)/Plugins/card.io.cordova.mobilesdk\"",
					"\"$(SRCROOT)/$(TARGET_NAME)/Plugins/card.io.cordova.mobilesdk\"",
					"\"$(SRCROOT)/$(TARGET_NAME)/Plugins/card.io.cordova.mobilesdk\"",
					"\"$(SRCROOT)/$(TARGET_NAME)/Plugins/com.paypal.cordova.mobilesdk\"",
				);
			};
			name = Release;
		};
		C01FCF4F08A954540054247B /* Debug */ = {
			isa = XCBuildConfiguration;
			baseConfigurationReference = 3047A5111AB8059700498E2A /* build.xcconfig */;
			buildSettings = {
				CLANG_ENABLE_MODULES = YES;
				CLANG_ENABLE_OBJC_ARC = YES;
				CLANG_WARN_BLOCK_CAPTURE_AUTORELEASING = YES;
				CLANG_WARN_BOOL_CONVERSION = YES;
				CLANG_WARN_COMMA = YES;
				CLANG_WARN_CONSTANT_CONVERSION = YES;
				CLANG_WARN_DEPRECATED_OBJC_IMPLEMENTATIONS = YES;
				CLANG_WARN_EMPTY_BODY = YES;
				CLANG_WARN_ENUM_CONVERSION = YES;
				CLANG_WARN_INFINITE_RECURSION = YES;
				CLANG_WARN_INT_CONVERSION = YES;
				CLANG_WARN_NON_LITERAL_NULL_CONVERSION = YES;
				CLANG_WARN_OBJC_IMPLICIT_RETAIN_SELF = YES;
				CLANG_WARN_OBJC_LITERAL_CONVERSION = YES;
				CLANG_WARN_RANGE_LOOP_ANALYSIS = YES;
				CLANG_WARN_STRICT_PROTOTYPES = YES;
				CLANG_WARN_SUSPICIOUS_MOVE = YES;
				CLANG_WARN_UNREACHABLE_CODE = YES;
				CLANG_WARN__DUPLICATE_METHOD_MATCH = YES;
				ENABLE_STRICT_OBJC_MSGSEND = YES;
				ENABLE_TESTABILITY = YES;
				GCC_C_LANGUAGE_STANDARD = c99;
				GCC_NO_COMMON_BLOCKS = YES;
				GCC_THUMB_SUPPORT = NO;
				GCC_VERSION = "";
				GCC_WARN_64_TO_32_BIT_CONVERSION = YES;
				GCC_WARN_ABOUT_RETURN_TYPE = YES;
				GCC_WARN_UNDECLARED_SELECTOR = YES;
				GCC_WARN_UNINITIALIZED_AUTOS = YES;
				GCC_WARN_UNUSED_FUNCTION = YES;
				GCC_WARN_UNUSED_VARIABLE = YES;
				ONLY_ACTIVE_ARCH = YES;
				SDKROOT = iphoneos;
				SKIP_INSTALL = NO;
				PRODUCT_BUNDLE_IDENTIFIER = io.ionic4.app;
				IPHONEOS_DEPLOYMENT_TARGET = 11.0;
			};
			name = Debug;
		};
		C01FCF5008A954540054247B /* Release */ = {
			isa = XCBuildConfiguration;
			baseConfigurationReference = 3047A5111AB8059700498E2A /* build.xcconfig */;
			buildSettings = {
				CLANG_ENABLE_MODULES = YES;
				CLANG_ENABLE_OBJC_ARC = YES;
				CLANG_WARN_BLOCK_CAPTURE_AUTORELEASING = YES;
				CLANG_WARN_BOOL_CONVERSION = YES;
				CLANG_WARN_COMMA = YES;
				CLANG_WARN_CONSTANT_CONVERSION = YES;
				CLANG_WARN_DEPRECATED_OBJC_IMPLEMENTATIONS = YES;
				CLANG_WARN_EMPTY_BODY = YES;
				CLANG_WARN_ENUM_CONVERSION = YES;
				CLANG_WARN_INFINITE_RECURSION = YES;
				CLANG_WARN_INT_CONVERSION = YES;
				CLANG_WARN_NON_LITERAL_NULL_CONVERSION = YES;
				CLANG_WARN_OBJC_IMPLICIT_RETAIN_SELF = YES;
				CLANG_WARN_OBJC_LITERAL_CONVERSION = YES;
				CLANG_WARN_RANGE_LOOP_ANALYSIS = YES;
				CLANG_WARN_STRICT_PROTOTYPES = YES;
				CLANG_WARN_SUSPICIOUS_MOVE = YES;
				CLANG_WARN_UNREACHABLE_CODE = YES;
				CLANG_WARN__DUPLICATE_METHOD_MATCH = YES;
				ENABLE_STRICT_OBJC_MSGSEND = YES;
				GCC_C_LANGUAGE_STANDARD = c99;
				GCC_NO_COMMON_BLOCKS = YES;
				GCC_THUMB_SUPPORT = NO;
				GCC_VERSION = "";
				GCC_WARN_64_TO_32_BIT_CONVERSION = YES;
				GCC_WARN_ABOUT_RETURN_TYPE = YES;
				GCC_WARN_UNDECLARED_SELECTOR = YES;
				GCC_WARN_UNINITIALIZED_AUTOS = YES;
				GCC_WARN_UNUSED_FUNCTION = YES;
				GCC_WARN_UNUSED_VARIABLE = YES;
				SDKROOT = iphoneos;
				SKIP_INSTALL = NO;
				PRODUCT_BUNDLE_IDENTIFIER = io.ionic4.app;
				IPHONEOS_DEPLOYMENT_TARGET = 11.0;
			};
			name = Release;
		};
/* End XCBuildConfiguration section */

/* Begin XCConfigurationList section */
		1D6058960D05DD3E006BFB54 /* Build configuration list for PBXNativeTarget "Ionic4 Starter App" */ = {
			isa = XCConfigurationList;
			buildConfigurations = (
				1D6058940D05DD3E006BFB54 /* Debug */,
				1D6058950D05DD3E006BFB54 /* Release */,
			);
			defaultConfigurationIsVisible = 0;
			defaultConfigurationName = Release;
		};
		C01FCF4E08A954540054247B /* Build configuration list for PBXProject "Ionic4 Starter App" */ = {
			isa = XCConfigurationList;
			buildConfigurations = (
				C01FCF4F08A954540054247B /* Debug */,
				C01FCF5008A954540054247B /* Release */,
			);
			defaultConfigurationIsVisible = 0;
			defaultConfigurationName = Release;
		};
/* End XCConfigurationList section */
	};
	rootObject = 29B97313FDCFA39411CA2CEA /* Project object */;
}
